# This file is automatically @generated by Cargo.
# It is not intended for manual editing.
version = 4

[[package]]
name = "allocator-api2"
version = "0.2.21"
source = "registry+https://github.com/rust-lang/crates.io-index"
checksum = "683d7910e743518b0e34f1186f92494becacb047c7b6bf616c96772180fef923"

[[package]]
name = "anstream"
version = "1.0.0"
source = "registry+https://github.com/rust-lang/crates.io-index"
checksum = "824a212faf96e9acacdbd09febd34438f8f711fb84e09a8916013cd7815ca28d"
dependencies = [
 "anstyle",
 "anstyle-parse",
 "anstyle-query",
 "anstyle-wincon",
 "colorchoice",
 "is_terminal_polyfill",
 "utf8parse",
]

[[package]]
name = "anstyle"
version = "1.0.14"
source = "registry+https://github.com/rust-lang/crates.io-index"
checksum = "940b3a0ca603d1eade50a4846a2afffd5ef57a9feac2c0e2ec2e14f9ead76000"

[[package]]
name = "anstyle-parse"
version = "1.0.0"
source = "registry+https://github.com/rust-lang/crates.io-index"
checksum = "52ce7f38b242319f7cabaa6813055467063ecdc9d355bbb4ce0c68908cd8130e"
dependencies = [
 "utf8parse",
]

[[package]]
name = "anstyle-query"
version = "1.1.5"
source = "registry+https://github.com/rust-lang/crates.io-index"
checksum = "40c48f72fd53cd289104fc64099abca73db4166ad86ea0b4341abe65af83dadc"
dependencies = [
 "windows-sys",
]

[[package]]
name = "anstyle-wincon"
version = "3.0.11"
source = "registry+https://github.com/rust-lang/crates.io-index"
checksum = "291e6a250ff86cd4a820112fb8898808a366d8f9f58ce16d1f538353ad55747d"
dependencies = [
 "anstyle",
 "once_cell_polyfill",
 "windows-sys",
]

[[package]]
name = "arc-swap"
version = "1.9.2"
source = "registry+https://github.com/rust-lang/crates.io-index"
checksum = "c049c0be4daef0b145cb3555416b3b8ef5b7888a38aea1a3a155801fe7b0810b"
dependencies = [
 "rustversion",
]

[[package]]
name = "autocfg"
version = "1.5.1"
source = "registry+https://github.com/rust-lang/crates.io-index"
checksum = "f2032f911046de80f0a198e0901378627c33f59ea0ac00e363d481118bd70a53"

[[package]]
name = "bitflags"
version = "1.3.2"
source = "registry+https://github.com/rust-lang/crates.io-index"
checksum = "bef38d45163c2f1dde094a7dfd33ccf595c92905c8f8f4fdc18d06fb1037718a"

[[package]]
name = "bitflags"
version = "2.13.2"
source = "registry+https://github.com/rust-lang/crates.io-index"
checksum = "3ded4057c258ba199e2d26386d3af3780957ecaee6c4ef4041c6b4b8b97c0b06"

[[package]]
name = "bstr"
version = "1.13.1"
source = "registry+https://github.com/rust-lang/crates.io-index"
checksum = "6bb31b46c14244e20ee9984b11bf5c992b91fb6939fea616e3512c8baecdbe5f"
dependencies = [
 "memchr",
 "regex-automata",
 "serde_core",
]

[[package]]
name = "byteorder"
version = "1.5.0"
source = "registry+https://github.com/rust-lang/crates.io-index"
checksum = "1fd0f2584146f6f2ef48085050886acf353beff7305ebd1ae69500e27c67f64b"

[[package]]
name = "bytes"
version = "1.12.1"
source = "registry+https://github.com/rust-lang/crates.io-index"
checksum = "fc652a48c352aef3ea3aed32080501cf3ef6ed5da78602a020c991775b0aff04"

[[package]]
name = "camino"
version = "1.2.6"
source = "registry+https://github.com/rust-lang/crates.io-index"
checksum = "bbbad30e4b4c14a39e3cc8aed085a12a327257c316619c93581e017bc52be591"
dependencies = [
 "serde_core",
]

[[package]]
name = "cargo-manifest"
version = "0.20.0"
source = "registry+https://github.com/rust-lang/crates.io-index"
checksum = "99c6f1c3eb197d17dde4f1a1170fbe7ce3e5f23f1166ae480875a9f4a9c11c40"
dependencies = [
 "serde",
 "thiserror",
 "toml 0.8.23",
]

[[package]]
name = "cargo-platform"
version = "0.3.3"
source = "registry+https://github.com/rust-lang/crates.io-index"
checksum = "dd0061da739915fae12ea00e16397555ed4371a6bb285431aab930f61b0aa4ba"
dependencies = [
 "serde",
 "serde_core",
]

[[package]]
name = "cargo-rdme"
version = "2.2.4-pre"
dependencies = [
 "cargo_metadata",
 "clap",
 "clap-cargo",
 "dunce",
 "gix",
 "indoc",
 "itertools",
 "pretty_assertions",
 "pulldown-cmark",
 "rustdoc-json",
 "rustdoc-types",
 "rustup-toolchain",
 "serde_json",
 "syn 3.0.6",
 "termcolor",
 "thiserror",
 "toml 1.1.6+spec-1.1.0",
 "unicase",
]

[[package]]
name = "cargo_metadata"
version = "0.23.1"
source = "registry+https://github.com/rust-lang/crates.io-index"
checksum = "ef987d17b0a113becdd19d3d0022d04d7ef41f9efe4f3fb63ac44ba61df3ade9"
dependencies = [
 "camino",
 "cargo-platform",
 "semver",
 "serde",
 "serde_json",
 "thiserror",
]

[[package]]
name = "cfg-if"
version = "1.0.5"
source = "registry+https://github.com/rust-lang/crates.io-index"
checksum = "4e7648175b45a9a48536d676f68d918270699102aa8dab5496df06904c914600"

[[package]]
name = "clap"
version = "4.6.7"
source = "registry+https://github.com/rust-lang/crates.io-index"
checksum = "aa8876b300ab35ba921adea3dfd70157a46249b33f95c9084ae5709785478946"
dependencies = [
 "clap_builder",
 "clap_derive",
]

[[package]]
name = "clap-cargo"
version = "0.19.0"
source = "registry+https://github.com/rust-lang/crates.io-index"
checksum = "ac0fb996b5acdd543c8b8ff723c719715d437fdce607ac1fda01c977f568020d"
dependencies = [
 "anstyle",
 "clap",
]

[[package]]
name = "clap_builder"
version = "4.6.7"
source = "registry+https://github.com/rust-lang/crates.io-index"
checksum = "ec0797fb7aeb1406c84efac526901f7ec3ead2124f946b494e72879d4b54704d"
dependencies = [
 "anstream",
 "anstyle",
 "clap_lex",
 "strsim",
]

[[package]]
name = "clap_derive"
version = "4.6.7"
source = "registry+https://github.com/rust-lang/crates.io-index"
checksum = "f9c751b79415d4e559e3d1fcf128e09e720eb673a06d26cf6f392d37d75b66e0"
dependencies = [
 "heck",
 "proc-macro2",
 "quote",
 "syn 3.0.6",
]

[[package]]
name = "clap_lex"
version = "1.1.1"
source = "registry+https://github.com/rust-lang/crates.io-index"
checksum = "1c133bc6a41be0d194c306b5506d15e6feeea7b1d6604bd3f8310dfb2ca96486"

[[package]]
name = "clru"
version = "0.6.3"
source = "registry+https://github.com/rust-lang/crates.io-index"
checksum = "197fd99cb113a8d5d9b6376f3aa817f32c1078f2343b714fff7d2ca44fdf67d5"
dependencies = [
 "hashbrown 0.16.1",
]

[[package]]
name = "colorchoice"
version = "1.0.5"
source = "registry+https://github.com/rust-lang/crates.io-index"
checksum = "1d07550c9036bf2ae0c684c4297d503f838287c83c53686d05370d0e139ae570"

[[package]]
name = "core_detect"
version = "1.0.0"
source = "registry+https://github.com/rust-lang/crates.io-index"
checksum = "7f8f80099a98041a3d1622845c271458a2d73e688351bf3cb999266764b81d48"

[[package]]
name = "crc32fast"
version = "1.5.2"
source = "registry+https://github.com/rust-lang/crates.io-index"
checksum = "01a7799fd6b852db0e61728dde9a204c423b44d689dbd432522543614b490e78"
dependencies = [
 "cfg-if",
]

[[package]]
name = "crossbeam-channel"
version = "0.5.17"
source = "registry+https://github.com/rust-lang/crates.io-index"
checksum = "98b0cc327b5bc766e7fda9c9260cc0fa81b43a8e240440422dff70788e3f9ef1"
dependencies = [
 "crossbeam-utils",
]

[[package]]
name = "crossbeam-utils"
version = "0.8.23"
source = "registry+https://github.com/rust-lang/crates.io-index"
checksum = "a31eee39dddec8330830986fcd7625edb5a24ec90ea038215273bbc3adb08ac6"

[[package]]
name = "dashmap"
version = "6.2.1"
source = "registry+https://github.com/rust-lang/crates.io-index"
checksum = "e6361d5c062261c78a176addb82d4c821ae42bed6089de0e12603cd25de2059c"
dependencies = [
 "cfg-if",
 "crossbeam-utils",
 "hashbrown 0.14.5",
 "lock_api",
 "once_cell",
 "parking_lot_core",
]

[[package]]
name = "defmt"
version = "0.3.100"
source = "registry+https://github.com/rust-lang/crates.io-index"
checksum = "f0963443817029b2024136fc4dd07a5107eb8f977eaf18fcd1fdeb11306b64ad"
dependencies = [
 "defmt 1.1.1",
]

[[package]]
name = "defmt"
version = "1.1.1"
source = "registry+https://github.com/rust-lang/crates.io-index"
checksum = "e2953bfe4f93bbd20cc71198842756f77d161884c99ebbabc41d80231ded88d1"
dependencies = [
 "bitflags 1.3.2",
 "defmt-macros",
]

[[package]]
name = "defmt-macros"
version = "1.1.1"
source = "registry+https://github.com/rust-lang/crates.io-index"
checksum = "bad9c72e7ca2137e0dc3813245a0d282fd6daad32fd800af018306a9169b5fe8"
dependencies = [
 "defmt-parser",
 "proc-macro2",
 "quote",
 "syn 2.0.119",
]

[[package]]
name = "defmt-parser"
version = "1.0.0"
source = "registry+https://github.com/rust-lang/crates.io-index"
checksum = "10d60334b3b2e7c9d91ef8150abfb6fa4c1c39ebbcf4a81c2e346aad939fee3e"
dependencies = [
 "thiserror",
]

[[package]]
name = "diff"
version = "0.1.13"
source = "registry+https://github.com/rust-lang/crates.io-index"
checksum = "56254986775e3233ffa9c4d7d3faaf6d36a2c09d30b20687e9f88bc8bafc16c8"

[[package]]
name = "dunce"
version = "1.0.5"
source = "registry+https://github.com/rust-lang/crates.io-index"
checksum = "92773504d58c093f6de2459af4af33faa518c13451eb8f2b5698ed3d36e7c813"

[[package]]
name = "either"
version = "1.18.0"
source = "registry+https://github.com/rust-lang/crates.io-index"
checksum = "252afb9ae5eaa683babdc6a068b3f5726eb19e05070c731f9b2a23a7c3e8ed34"

[[package]]
name = "encoding_rs"
version = "0.8.41"
source = "registry+https://github.com/rust-lang/crates.io-index"
checksum = "7b5ef0006ac9ab233c38522f5ae99cae3625151de8f706cacee1cba4b8e2832a"
dependencies = [
 "cfg-if",
 "core_detect",
 "multiversion",
 "multiversion_no_op",
 "rustversion",
 "scopeguard",
 "simdutf8",
]

[[package]]
name = "equivalent"
version = "1.0.2"
source = "registry+https://github.com/rust-lang/crates.io-index"
checksum = "877a4ace8713b0bcf2a4e7eec82529c029f1d0619886d18145fea96c3ffe5c0f"

[[package]]
name = "errno"
version = "0.3.14"
source = "registry+https://github.com/rust-lang/crates.io-index"
checksum = "39cab71617ae0d63f51a36d69f866391735b51691dbda63cf6f96d042b63efeb"
dependencies = [
 "libc",
 "windows-sys",
]

[[package]]
name = "faster-hex"
version = "0.10.1"
source = "registry+https://github.com/rust-lang/crates.io-index"
checksum = "04839bdf9d8c10f66806fad16b852fc72aab80873aebc3cb69d85b4fa41543ed"
dependencies = [
 "autocfg",
 "defmt 0.3.100",
 "heapless",
 "serde",
]

[[package]]
name = "fastrand"
version = "2.5.0"
source = "registry+https://github.com/rust-lang/crates.io-index"
checksum = "da7c62ceae207dd37ea5b845da6a0696c799f85e97da1ab5b7910be3c1c80223"

[[package]]
name = "filetime"
version = "0.2.29"
source = "registry+https://github.com/rust-lang/crates.io-index"
checksum = "5c287a33c7f0a620c38e641e7f60827713987b3c0f26e8ddc9462cc69cf75759"
dependencies = [
 "cfg-if",
 "libc",
]

[[package]]
name = "fnv"
version = "1.0.7"
source = "registry+https://github.com/rust-lang/crates.io-index"
checksum = "3f9eec918d3f24069decb9af1554cad7c880e2da24a9afd88aca000531ab82c1"

[[package]]
name = "foldhash"
version = "0.2.0"
source = "registry+https://github.com/rust-lang/crates.io-index"
checksum = "77ce24cb58228fbb8aa041425bb1050850ac19177686ea6e0f41a70416f56fdb"

[[package]]
name = "getopts"
version = "0.2.24"
source = "registry+https://github.com/rust-lang/crates.io-index"
checksum = "cfe4fbac503b8d1f88e6676011885f34b7174f46e59956bba534ba83abded4df"
dependencies = [
 "unicode-width",
]

[[package]]
name = "getrandom"
version = "0.4.3"
source = "registry+https://github.com/rust-lang/crates.io-index"
checksum = "300e883d756b2e4ec94e02791f39b04b522276138852cfc41d9fb7e904106099"
dependencies = [
 "cfg-if",
 "libc",
 "r-efi",
]

[[package]]
name = "gix"
version = "0.89.0"
source = "registry+https://github.com/rust-lang/crates.io-index"
checksum = "2156d2e07fc3afa7632a82bf3cb0db91f995645a2852f642105c9ac9b52e1cb2"
dependencies = [
 "gix-actor",
 "gix-attributes",
 "gix-command",
 "gix-commitgraph",
 "gix-config",
 "gix-date",
 "gix-diff",
 "gix-dir",
 "gix-discover",
 "gix-error",
 "gix-filter",
 "gix-fs",
 "gix-glob",
 "gix-hash",
 "gix-hashtable",
 "gix-ignore",
 "gix-index",
 "gix-lock",
 "gix-note",
 "gix-object",
 "gix-odb",
 "gix-pack",
 "gix-parallel",
 "gix-path",
 "gix-pathspec",
 "gix-protocol",
 "gix-quote",
 "gix-ref",
 "gix-refspec",
 "gix-revision",
 "gix-revwalk",
 "gix-sec",
 "gix-shallow",
 "gix-status",
 "gix-submodule",
 "gix-tempfile",
 "gix-trace",
 "gix-traverse",
 "gix-url",
 "gix-utils",
 "gix-validate",
 "gix-worktree",
 "gix-worktree-stream",
 "gix-zlib",
 "nonempty",
 "smallvec",
]

[[package]]
name = "gix-actor"
version = "0.44.0"
source = "registry+https://github.com/rust-lang/crates.io-index"
checksum = "2127da41042965ed205568a52443465806944f71c8acd73f48ec94b8cd8e798e"
dependencies = [
 "bstr",
 "gix-date",
 "gix-error",
]

[[package]]
name = "gix-attributes"
version = "0.37.0"
source = "registry+https://github.com/rust-lang/crates.io-index"
checksum = "0feca0b8919aba9f123b75de54062dd61eb37d2a2130f34be520da6ed8b8ef72"
dependencies = [
 "bstr",
 "gix-error",
 "gix-glob",
 "gix-parallel",
 "gix-path",
 "gix-quote",
 "gix-trace",
 "smallvec",
 "unicode-bom",
]

[[package]]
name = "gix-bitmap"
version = "0.6.0"
source = "registry+https://github.com/rust-lang/crates.io-index"
checksum = "408cb9e482e0dcc5fc481850556348dda6981ec054a4a8e81a8e1bbf84f85eef"
dependencies = [
 "gix-error",
]

[[package]]
name = "gix-chunk"
version = "0.10.0"
source = "registry+https://github.com/rust-lang/crates.io-index"
checksum = "626335faf30ed235744642c2309aa370683b8bb2757f1c22a807e274dff60074"
dependencies = [
 "gix-error",
]

[[package]]
name = "gix-command"
version = "0.12.0"
source = "registry+https://github.com/rust-lang/crates.io-index"
checksum = "ac560c05e19455016a4a94b33a77debe59aaed8783da32a73d31c9975947152e"
dependencies = [
 "bstr",
 "gix-error",
 "gix-path",
 "gix-quote",
 "gix-trace",
]

[[package]]
name = "gix-commitgraph"
version = "0.41.0"
source = "registry+https://github.com/rust-lang/crates.io-index"
checksum = "dfede9936d4b789867c09722576aea4ceb0e3aacf962eef035ebab0686b41a80"
dependencies = [
 "bstr",
 "gix-chunk",
 "gix-error",
 "gix-hash",
 "memmap2",
 "nonempty",
]

[[package]]
name = "gix-config"
version = "0.62.0"
source = "registry+https://github.com/rust-lang/crates.io-index"
checksum = "65a9c000fa9a9154f22ffc8f8d74426e9300d759c2029e8701e2ba39d5d464ea"
dependencies = [
 "bstr",
 "gix-config-value",
 "gix-error",
 "gix-glob",
 "gix-parallel",
 "gix-path",
 "gix-ref",
 "gix-sec",
 "gix-trace",
 "gix-utils",
 "smallvec",
 "unicode-bom",
]

[[package]]
name = "gix-config-value"
version = "0.21.0"
source = "registry+https://github.com/rust-lang/crates.io-index"
checksum = "ab206c2fccfd35e0de7fb1b424997cfd42912062c66dae024e08a06e22d46674"
dependencies = [
 "bitflags 2.13.2",
 "bstr",
 "gix-error",
 "gix-path",
 "gix-utils",
 "libc",
]

[[package]]
name = "gix-date"
version = "0.18.0"
source = "registry+https://github.com/rust-lang/crates.io-index"
checksum = "0f7eeeecc599082f32b5ea6a8c4c734e38be9730e2c09e3fe2851bb4692393e9"
dependencies = [
 "bstr",
 "gix-error",
 "itoa",
 "jiff",
]

[[package]]
name = "gix-diff"
version = "0.69.0"
source = "registry+https://github.com/rust-lang/crates.io-index"
checksum = "aa640963fdcbc6b4718e48593c3917f5ae764b59fb5a96313cb5a757246d041d"
dependencies = [
 "bstr",
 "gix-attributes",
 "gix-command",
 "gix-error",
 "gix-filter",
 "gix-fs",
 "gix-hash",
 "gix-imara-diff",
 "gix-index",
 "gix-object",
 "gix-path",
 "gix-pathspec",
 "gix-tempfile",
 "gix-trace",
 "gix-traverse",
 "gix-worktree",
]

[[package]]
name = "gix-dir"
version = "0.31.0"
source = "registry+https://github.com/rust-lang/crates.io-index"
checksum = "84e916ef77f19161b738ae9913662bc36fed1e48256a943f40277b3a585841da"
dependencies = [
 "bstr",
 "gix-discover",
 "gix-error",
 "gix-fs",
 "gix-ignore",
 "gix-index",
 "gix-object",
 "gix-path",
 "gix-pathspec",
 "gix-trace",
 "gix-utils",
 "gix-worktree",
]

[[package]]
name = "gix-discover"
version = "0.57.0"
source = "registry+https://github.com/rust-lang/crates.io-index"
checksum = "a7d0f8fd2c7e4b458eb3081362d49b54bd0131d23ecd49be802085a11f0d3cee"
dependencies = [
 "bstr",
 "dunce",
 "gix-error",
 "gix-fs",
 "gix-path",
 "gix-ref",
 "gix-sec",
]

[[package]]
name = "gix-error"
version = "0.5.0"
source = "registry+https://github.com/rust-lang/crates.io-index"
checksum = "aef6406003c4117d640329fe2c35386f4e137a628bb28d3f50209db159b48bc4"
dependencies = [
 "bstr",
]

[[package]]
name = "gix-filter"
version = "0.36.0"
source = "registry+https://github.com/rust-lang/crates.io-index"
checksum = "9d8d932ee4043f7d77d15ee58d2be2bc95accea5dd1d77fd145de1b7c504551b"
dependencies = [
 "bstr",
 "encoding_rs",
 "gix-attributes",
 "gix-command",
 "gix-error",
 "gix-hash",
 "gix-object",
 "gix-packetline",
 "gix-path",
 "gix-quote",
 "gix-trace",
 "gix-utils",
 "smallvec",
]

[[package]]
name = "gix-fs"
version = "0.24.0"
source = "registry+https://github.com/rust-lang/crates.io-index"
checksum = "44a05d043e670c055cd8b53d078562dc0bc1e322bff6b0376b407d37cf72dcc5"
dependencies = [
 "bstr",
 "gix-error",
 "gix-parallel",
 "gix-path",
 "gix-utils",
 "libc",
 "walkdir",
]

[[package]]
name = "gix-glob"
version = "0.29.0"
source = "registry+https://github.com/rust-lang/crates.io-index"
checksum = "7b0d03ab50fa841621031960679caf7fe94940968d9a0736d12a580f2c03e525"
dependencies = [
 "bitflags 2.13.2",
 "bstr",
 "gix-fs",
 "gix-path",
 "gix-trace",
 "gix-utils",
]

[[package]]
name = "gix-hash"
version = "0.28.0"
source = "registry+https://github.com/rust-lang/crates.io-index"
checksum = "40ca156064e378d8c657084365846cedb8dc498c6ea4500965a64d74f12af2be"
dependencies = [
 "faster-hex",
 "gix-error",
 "gix-utils",
 "sha1dc",
]

[[package]]
name = "gix-hashtable"
version = "0.18.0"
source = "registry+https://github.com/rust-lang/crates.io-index"
checksum = "916cb6b2ec42ffaca624e7867bb382a4673015cb4ffcd7330b48085d02e4c615"
dependencies = [
 "gix-hash",
 "hashbrown 0.17.1",
 "parking_lot",
]

[[package]]
name = "gix-ignore"
version = "0.24.0"
source = "registry+https://github.com/rust-lang/crates.io-index"
checksum = "cb1c93f60845d493a72fde38ae237498bc4e4464f45afa4af23e53f8295a3ba1"
dependencies = [
 "bstr",
 "gix-glob",
 "gix-path",
 "gix-trace",
 "unicode-bom",
]

[[package]]
name = "gix-imara-diff"
version = "0.3.1"
source = "registry+https://github.com/rust-lang/crates.io-index"
checksum = "1c48eccd894bd15555b0346470e63491ded94aefe76b3fcb1052084b5a393238"
dependencies = [
 "bstr",
 "hashbrown 0.17.1",
]

[[package]]
name = "gix-index"
version = "0.57.0"
source = "registry+https://github.com/rust-lang/crates.io-index"
checksum = "fc6db8b20a3dba8836daf90b24199600bb27dcfce3a127ec24ae61e15a7c5b68"
dependencies = [
 "bitflags 2.13.2",
 "bstr",
 "filetime",
 "fnv",
 "gix-bitmap",
 "gix-error",
 "gix-fs",
 "gix-hash",
 "gix-lock",
 "gix-object",
 "gix-parallel",
 "gix-trace",
 "gix-traverse",
 "gix-utils",
 "gix-validate",
 "hashbrown 0.17.1",
 "itoa",
 "libc",
 "memmap2",
 "rustix",
 "smallvec",
]

[[package]]
name = "gix-lock"
version = "26.0.0"
source = "registry+https://github.com/rust-lang/crates.io-index"
checksum = "4b2f7f5bd6b9fcd0b0dc58b0e6a708f3a47c3313876571dfe800c926c069aa5c"
dependencies = [
 "gix-error",
 "gix-fs",
 "gix-tempfile",
 "gix-utils",
]

[[package]]
name = "gix-macros"
version = "0.2.0"
source = "registry+https://github.com/rust-lang/crates.io-index"
checksum = "f11f5429ca73cc3758c9f53af56a9fba100a8701c5b4bc30e29b8b0b15288991"
dependencies = [
 "proc-macro2",
 "quote",
 "syn 2.0.119",
]

[[package]]
name = "gix-note"
version = "0.3.0"
source = "registry+https://github.com/rust-lang/crates.io-index"
checksum = "bd364f8bdceaed9e7f3ae40f324b16e39f20e9c7e6a6a058f7c6ec66c3e6205c"
dependencies = [
 "gix-error",
 "gix-hash",
 "gix-object",
]

[[package]]
name = "gix-object"
version = "0.66.0"
source = "registry+https://github.com/rust-lang/crates.io-index"
checksum = "f0e38f50177e211642af154f9a7f710b7a3a637e635f9b6adb9d51973b0f9209"
dependencies = [
 "bstr",
 "gix-actor",
 "gix-command",
 "gix-date",
 "gix-error",
 "gix-hash",
 "gix-hashtable",
 "gix-path",
 "gix-tempfile",
 "gix-utils",
 "gix-validate",
 "itoa",
 "smallvec",
]

[[package]]
name = "gix-odb"
version = "0.86.0"
source = "registry+https://github.com/rust-lang/crates.io-index"
checksum = "ca444f33f2140876ed6b5313c2b550b4af699008193c96f3bff5023afa9ef4ea"
dependencies = [
 "arc-swap",
 "crc32fast",
 "gix-error",
 "gix-fs",
 "gix-hash",
 "gix-hashtable",
 "gix-object",
 "gix-pack",
 "gix-parallel",
 "gix-path",
 "gix-quote",
 "gix-trace",
 "gix-utils",
 "gix-zlib",
 "memmap2",
 "parking_lot",
 "tempfile",
]

[[package]]
name = "gix-pack"
version = "0.76.0"
source = "registry+https://github.com/rust-lang/crates.io-index"
checksum = "bc5024cc503cd29461a705ae90b9eae772fa8f0e6fafc1c48513877dc374de05"
dependencies = [
 "clru",
 "crc32fast",
 "gix-chunk",
 "gix-error",
 "gix-hash",
 "gix-hashtable",
 "gix-object",
 "gix-parallel",
 "gix-path",
 "gix-trace",
 "gix-utils",
 "gix-zlib",
 "memmap2",
 "smallvec",
]

[[package]]
name = "gix-packetline"
version = "0.24.0"
source = "registry+https://github.com/rust-lang/crates.io-index"
checksum = "830e51b227f6a925fe9308858ac91170dd00fa2880f5480fc81e8a4594fe2c35"
dependencies = [
 "bstr",
 "faster-hex",
 "gix-error",
 "gix-trace",
]

[[package]]
name = "gix-parallel"
version = "0.50.0"
source = "registry+https://github.com/rust-lang/crates.io-index"
checksum = "e994cf1eec247ba4be7f9e7c0d58cc73f83eecb5fcb9feb595df5ba3d2078546"
dependencies = [
 "crossbeam-channel",
 "gix-trace",
 "once_cell",
 "parking_lot",
]

[[package]]
name = "gix-path"
version = "0.14.0"
source = "registry+https://github.com/rust-lang/crates.io-index"
checksum = "a6d563d4d0c975ed0df4e853f9ec962a2ba46633b1d324e1a5582541fcae0c6b"
dependencies = [
 "bstr",
 "gix-error",
 "gix-trace",
 "gix-validate",
]

[[package]]
name = "gix-pathspec"
version = "0.22.0"
source = "registry+https://github.com/rust-lang/crates.io-index"
checksum = "3e3b7f03e516a8435d18c3cc2d446925940c81d409145ac21edb5a576f0625e4"
dependencies = [
 "bitflags 2.13.2",
 "bstr",
 "gix-attributes",
 "gix-config-value",
 "gix-error",
 "gix-glob",
 "gix-path",
]

[[package]]
name = "gix-protocol"
version = "0.67.0"
source = "registry+https://github.com/rust-lang/crates.io-index"
checksum = "832b5dc46a3c0a6f6fa8f8e571c11074add4b545c6789799ae6d6c36ae1a294e"
dependencies = [
 "bstr",
 "gix-date",
 "gix-error",
 "gix-hash",
 "gix-macros",
 "gix-ref",
 "gix-shallow",
 "gix-transport",
 "gix-utils",
 "nonempty",
]

[[package]]
name = "gix-quote"
version = "0.10.0"
source = "registry+https://github.com/rust-lang/crates.io-index"
checksum = "c7f92bc1b13c09e88388578e8aa1e987ec35f28fca158c13b1baa7ab1a85b124"
dependencies = [
 "bstr",
 "gix-error",
 "gix-utils",
]

[[package]]
name = "gix-ref"
version = "0.69.0"
source = "registry+https://github.com/rust-lang/crates.io-index"
checksum = "073bc0928e1f747823b1eaed94918119dacef4c616532bc3d17e5b7457863471"
dependencies = [
 "gix-actor",
 "gix-error",
 "gix-fs",
 "gix-hash",
 "gix-lock",
 "gix-object",
 "gix-parallel",
 "gix-path",
 "gix-tempfile",
 "gix-utils",
 "gix-validate",
 "memmap2",
]

[[package]]
name = "gix-refspec"
version = "0.47.0"
source = "registry+https://github.com/rust-lang/crates.io-index"
checksum = "ccc7010dae0df2900aa77cc67f8aca042cd80e35938ccc179010d863b1d42a0c"
dependencies = [
 "bstr",
 "gix-error",
 "gix-hash",
 "gix-validate",
 "smallvec",
]

[[package]]
name = "gix-revision"
version = "0.51.0"
source = "registry+https://github.com/rust-lang/crates.io-index"
checksum = "63210c1943b67fa700806c3c3486fc16a92b3ea871f5cf092340b8eec10a0ca1"
dependencies = [
 "bstr",
 "gix-commitgraph",
 "gix-date",
 "gix-error",
 "gix-hash",
 "gix-object",
 "gix-revwalk",
 "nonempty",
]

[[package]]
name = "gix-revwalk"
version = "0.37.0"
source = "registry+https://github.com/rust-lang/crates.io-index"
checksum = "800479fbbf1e7f94f663e07943a91add5499343e7aac611a81e6a0460fd44af6"
dependencies = [
 "gix-commitgraph",
 "gix-date",
 "gix-error",
 "gix-hash",
 "gix-hashtable",
 "gix-object",
 "smallvec",
]

[[package]]
name = "gix-sec"
version = "0.16.0"
source = "registry+https://github.com/rust-lang/crates.io-index"
checksum = "5640f642a1b471616d48230b1def7ca743cb30903441ff84800cafbab3c0fddf"
dependencies = [
 "bitflags 2.13.2",
 "gix-path",
 "libc",
 "windows-sys",
]

[[package]]
name = "gix-shallow"
version = "0.15.0"
source = "registry+https://github.com/rust-lang/crates.io-index"
checksum = "94bc0720a3d6b10f18e3ac382a7780bcfc4c6bee94a8b5857b8e4ec94c50d754"
dependencies = [
 "bstr",
 "gix-error",
 "gix-hash",
 "gix-lock",
 "nonempty",
]

[[package]]
name = "gix-status"
version = "0.36.0"
source = "registry+https://github.com/rust-lang/crates.io-index"
checksum = "42d3174a9f3fb991cf25a7a609ab6c50f19baa7d5f8ce05a48c202f7db4ce3ba"
dependencies = [
 "bstr",
 "filetime",
 "gix-diff",
 "gix-dir",
 "gix-error",
 "gix-filter",
 "gix-fs",
 "gix-hash",
 "gix-index",
 "gix-object",
 "gix-parallel",
 "gix-path",
 "gix-pathspec",
 "gix-trace",
 "gix-utils",
 "gix-worktree",
 "hashbrown 0.16.1",
 "portable-atomic",
 "windows-sys",
]

[[package]]
name = "gix-submodule"
version = "0.36.0"
source = "registry+https://github.com/rust-lang/crates.io-index"
checksum = "6d945257bd0d624ca844a5a36c79d748df080f355b0ac92d68793875aa529a3f"
dependencies = [
 "bstr",
 "gix-config",
 "gix-error",
 "gix-path",
 "gix-pathspec",
 "gix-refspec",
 "gix-url",
]

[[package]]
name = "gix-tempfile"
version = "26.0.0"
source = "registry+https://github.com/rust-lang/crates.io-index"
checksum = "e9275c8ae0646d840ae0156d3f90d39b7beea6e31a398afb9ee72feb293a269c"
dependencies = [
 "dashmap",
 "gix-fs",
 "libc",
 "parking_lot",
 "tempfile",
 "windows-sys",
]

[[package]]
name = "gix-trace"
version = "0.3.0"
source = "registry+https://github.com/rust-lang/crates.io-index"
checksum = "133f2de116104d637541831b6acb157898556d5eeec363ab2eb1c583adc6bb56"

[[package]]
name = "gix-transport"
version = "0.61.0"
source = "registry+https://github.com/rust-lang/crates.io-index"
checksum = "2e43d6b0097ea9f2f266d5d6c43b8f615ed3da7c686ec8771cd17c1cb33cb0de"
dependencies = [
 "bstr",
 "gix-command",
 "gix-error",
 "gix-packetline",
 "gix-path",
 "gix-quote",
 "gix-sec",
 "gix-trace",
 "gix-url",
 "gix-utils",
]

[[package]]
name = "gix-traverse"
version = "0.63.0"
source = "registry+https://github.com/rust-lang/crates.io-index"
checksum = "a668a6e7f7688e5a43eaf161f1471ffc559de1a5fd8471e861c64d59d1699e1e"
dependencies = [
 "bitflags 2.13.2",
 "gix-commitgraph",
 "gix-date",
 "gix-error",
 "gix-hash",
 "gix-hashtable",
 "gix-object",
 "gix-revwalk",
 "smallvec",
]

[[package]]
name = "gix-url"
version = "0.40.0"
source = "registry+https://github.com/rust-lang/crates.io-index"
checksum = "04317dea7a5dd5253bbcab060c230f3de6a57d17cc9600c6cd7030bf4795b414"
dependencies = [
 "bstr",
 "gix-error",
 "gix-path",
 "gix-utils",
 "percent-encoding",
]

[[package]]
name = "gix-utils"
version = "0.5.0"
source = "registry+https://github.com/rust-lang/crates.io-index"
checksum = "830639b49e83df93de7803ff0031a6c82d2a395dec7c4a068e37e97b0ce61bca"
dependencies = [
 "bstr",
 "bytes",
 "fastrand",
 "getrandom",
 "gix-error",
 "prodash",
 "unicode-normalization",
]

[[package]]
name = "gix-validate"
version = "0.13.0"
source = "registry+https://github.com/rust-lang/crates.io-index"
checksum = "cbcd59cc52742468bc5c8a0e7123390d154f45e6cbd37461b0dcecdc681f2179"
dependencies = [
 "bstr",
 "gix-error",
]

[[package]]
name = "gix-worktree"
version = "0.58.0"
source = "registry+https://github.com/rust-lang/crates.io-index"
checksum = "a285c0f6b41e504e8bb81ca3f861c4da00cb3d5ced3210a4591112f22da6d38f"
dependencies = [
 "bstr",
 "gix-attributes",
 "gix-error",
 "gix-fs",
 "gix-glob",
 "gix-hash",
 "gix-ignore",
 "gix-index",
 "gix-object",
 "gix-path",
 "gix-validate",
]

[[package]]
name = "gix-worktree-stream"
version = "0.38.0"
source = "registry+https://github.com/rust-lang/crates.io-index"
checksum = "28d2789610e8179d4e0e8e51170a52a66483c103a8ad3c7db4d075b571856cb6"
dependencies = [
 "gix-attributes",
 "gix-error",
 "gix-filter",
 "gix-fs",
 "gix-hash",
 "gix-object",
 "gix-parallel",
 "gix-path",
 "gix-trace",
 "gix-traverse",
 "gix-utils",
 "parking_lot",
]

[[package]]
name = "gix-zlib"
version = "0.3.0"
source = "registry+https://github.com/rust-lang/crates.io-index"
checksum = "8c2edb206bf06f3c801f4f6789c696396171558ab9b4c7f1fe3ba4d39b00b0f4"
dependencies = [
 "gix-error",
 "zlib-rs",
]

[[package]]
name = "hash32"
version = "0.3.1"
source = "registry+https://github.com/rust-lang/crates.io-index"
checksum = "47d60b12902ba28e2730cd37e95b8c9223af2808df9e902d4df49588d1470606"
dependencies = [
 "byteorder",
]

[[package]]
name = "hashbrown"
version = "0.14.5"
source = "registry+https://github.com/rust-lang/crates.io-index"
checksum = "e5274423e17b7c9fc20b6e7e208532f9b19825d82dfd615708b70edd83df41f1"

[[package]]
name = "hashbrown"
version = "0.16.1"
source = "registry+https://github.com/rust-lang/crates.io-index"
checksum = "841d1cc9bed7f9236f321df977030373f4a4163ae1a7dbfe1a51a2c1a51d9100"
dependencies = [
 "allocator-api2",
 "equivalent",
 "foldhash",
]

[[package]]
name = "hashbrown"
version = "0.17.1"
source = "registry+https://github.com/rust-lang/crates.io-index"
checksum = "ed5909b6e89a2db4456e54cd5f673791d7eca6732202bbf2a9cc504fe2f9b84a"
dependencies = [
 "allocator-api2",
 "equivalent",
 "foldhash",
]

[[package]]
name = "heapless"
version = "0.8.0"
source = "registry+https://github.com/rust-lang/crates.io-index"
checksum = "0bfb9eb618601c89945a70e254898da93b13be0388091d42117462b265bb3fad"
dependencies = [
 "hash32",
 "stable_deref_trait",
]

[[package]]
name = "heck"
version = "0.5.0"
source = "registry+https://github.com/rust-lang/crates.io-index"
checksum = "2304e00983f87ffb38b55b444b5e3b60a884b5d30c0fca7d82fe33449bbe55ea"

[[package]]
name = "indexmap"
version = "2.14.2"
source = "registry+https://github.com/rust-lang/crates.io-index"
checksum = "cc4e190f5d26ca7051642629da2c52fc03bde85a03197c99408dcd291734c855"
dependencies = [
 "equivalent",
 "hashbrown 0.17.1",
]

[[package]]
name = "indoc"
version = "2.0.7"
source = "registry+https://github.com/rust-lang/crates.io-index"
checksum = "79cf5c93f93228cf8efb3ba362535fb11199ac548a09ce117c9b1adc3030d706"
dependencies = [
 "rustversion",
]

[[package]]
name = "is_terminal_polyfill"
version = "1.70.2"
source = "registry+https://github.com/rust-lang/crates.io-index"
checksum = "a6cb138bb79a146c1bd460005623e142ef0181e3d0219cb493e02f7d08a35695"

[[package]]
name = "itertools"
version = "0.15.0"
source = "registry+https://github.com/rust-lang/crates.io-index"
checksum = "8b4baf93f58d4425749ca49a51c50ebab072c5df6994d08fed93541c331481dc"
dependencies = [
 "either",
]

[[package]]
name = "itoa"
version = "1.0.18"
source = "registry+https://github.com/rust-lang/crates.io-index"
checksum = "8f42a60cbdf9a97f5d2305f08a87dc4e09308d1276d28c869c684d7777685682"

[[package]]
name = "jiff"
version = "0.2.37"
source = "registry+https://github.com/rust-lang/crates.io-index"
checksum = "0ab1baf72f08796de0260609515130699b890ac25f30e610ad894bc5856cafdb"
dependencies = [
 "defmt 1.1.1",
 "jiff-core",
 "jiff-static",
 "jiff-tzdb-platform",
 "log",
 "portable-atomic",
 "portable-atomic-util",
 "serde_core",
 "windows-link",
]

[[package]]
name = "jiff-core"
version = "0.1.1"
source = "registry+https://github.com/rust-lang/crates.io-index"
checksum = "5e52fe76043ccecc9005d2305ebaadf7d7fc0cc89ca6baa10a94d6bc68c7128c"
dependencies = [
 "defmt 1.1.1",
 "log",
]

[[package]]
name = "jiff-static"
version = "0.2.37"
source = "registry+https://github.com/rust-lang/crates.io-index"
checksum = "378268a1116ad67ae6228701118ac9f491d78fda38a40a1f1a9e1348de6f7212"
dependencies = [
 "jiff-core",
 "proc-macro2",
 "quote",
 "syn 2.0.119",
]

[[package]]
name = "jiff-tzdb"
version = "0.1.8"
source = "registry+https://github.com/rust-lang/crates.io-index"
checksum = "142bd39932ad231f10513df9ab62661fead8719872150b7ad02a2df79f4e141e"

[[package]]
name = "jiff-tzdb-platform"
version = "0.1.3"
source = "registry+https://github.com/rust-lang/crates.io-index"
checksum = "875a5a69ac2bab1a891711cf5eccbec1ce0341ea805560dcd90b7a2e925132e8"
dependencies = [
 "jiff-tzdb",
]

[[package]]
name = "libc"
version = "0.2.189"
source = "registry+https://github.com/rust-lang/crates.io-index"
checksum = "3eaf3ede3fee6db1a4c2ee091bf8a8b4dccdc6d17f656fb07896ee72867612f2"

[[package]]
name = "linux-raw-sys"
version = "0.12.1"
source = "registry+https://github.com/rust-lang/crates.io-index"
checksum = "32a66949e030da00e8c7d4434b251670a91556f4144941d37452769c25d58a53"

[[package]]
name = "lock_api"
version = "0.4.14"
source = "registry+https://github.com/rust-lang/crates.io-index"
checksum = "224399e74b87b5f3557511d98dff8b14089b3dadafcab6bb93eab67d3aace965"
dependencies = [
 "scopeguard",
]

[[package]]
name = "log"
version = "0.4.34"
source = "registry+https://github.com/rust-lang/crates.io-index"
checksum = "f9f8bd3e56ce4dfc153cf470fffbfa98c7620958b312ca5c3a4b8d5181fd13c6"

[[package]]
name = "memchr"
version = "2.8.3"
source = "registry+https://github.com/rust-lang/crates.io-index"
checksum = "cf8baf1c55e62ffcace7a9f06f4bd9cd3f0c4beb022d3b367256b91b87513d98"

[[package]]
name = "memmap2"
version = "0.9.11"
source = "registry+https://github.com/rust-lang/crates.io-index"
checksum = "d1219ed1b7f229ee7104d281dd01d6802fe28bb6e95d292942c4daacdeb798c0"
dependencies = [
 "libc",
]

[[package]]
name = "multiversion"
version = "0.9.0"
source = "registry+https://github.com/rust-lang/crates.io-index"
checksum = "b4ca4bea16ffc3f443cf7d866912118196bfef4c6a1556ca00f9f9b00bb43f7c"
dependencies = [
 "multiversion-macros",
]

[[package]]
name = "multiversion-macros"
version = "0.9.0"
source = "registry+https://github.com/rust-lang/crates.io-index"
checksum = "0d416831a7317ef4b08bee00b69cbbb9c8763da7959a7026244d6266869f9c83"
dependencies = [
 "proc-macro2",
 "quote",
 "rustversion",
 "syn 3.0.6",
]

[[package]]
name = "multiversion_no_op"
version = "1.0.0"
source = "registry+https://github.com/rust-lang/crates.io-index"
checksum = "743fb55ba31b18fb1ecef6bdc9aa2743314978ac084044301a7eee33fb99a20d"

[[package]]
name = "nonempty"
version = "0.12.0"
source = "registry+https://github.com/rust-lang/crates.io-index"
checksum = "9737e026353e5cd0736f98eddae28665118eb6f6600902a7f50db585621fecb6"

[[package]]
name = "once_cell"
version = "1.21.4"
source = "registry+https://github.com/rust-lang/crates.io-index"
checksum = "9f7c3e4beb33f85d45ae3e3a1792185706c8e16d043238c593331cc7cd313b50"

[[package]]
name = "once_cell_polyfill"
version = "1.70.2"
source = "registry+https://github.com/rust-lang/crates.io-index"
checksum = "384b8ab6d37215f3c5301a95a4accb5d64aa607f1fcb26a11b5303878451b4fe"

[[package]]
name = "parking_lot"
version = "0.12.5"
source = "registry+https://github.com/rust-lang/crates.io-index"
checksum = "93857453250e3077bd71ff98b6a65ea6621a19bb0f559a85248955ac12c45a1a"
dependencies = [
 "lock_api",
 "parking_lot_core",
]

[[package]]
name = "parking_lot_core"
version = "0.9.12"
source = "registry+https://github.com/rust-lang/crates.io-index"
checksum = "2621685985a2ebf1c516881c026032ac7deafcda1a2c9b7850dc81e3dfcb64c1"
dependencies = [
 "cfg-if",
 "libc",
 "redox_syscall",
 "smallvec",
 "windows-link",
]

[[package]]
name = "percent-encoding"
version = "2.3.2"
source = "registry+https://github.com/rust-lang/crates.io-index"
checksum = "9b4f627cb1b25917193a259e49bdad08f671f8d9708acfd5fe0a8c1455d87220"

[[package]]
name = "pin-project-lite"
version = "0.2.17"
source = "registry+https://github.com/rust-lang/crates.io-index"
checksum = "a89322df9ebe1c1578d689c92318e070967d1042b512afbe49518723f4e6d5cd"

[[package]]
name = "portable-atomic"
version = "1.15.0"
source = "registry+https://github.com/rust-lang/crates.io-index"
checksum = "05c8b63e8d9609db387f0324918f81d68fe27748f084ef092fb35954d0539a85"

[[package]]
name = "portable-atomic-util"
version = "0.2.8"
source = "registry+https://github.com/rust-lang/crates.io-index"
checksum = "10ab3eb7f3becc3a1cbc4f2c6f20267996cfc1a6467a873763411b136a122715"
dependencies = [
 "portable-atomic",
]

[[package]]
name = "pretty_assertions"
version = "1.4.1"
source = "registry+https://github.com/rust-lang/crates.io-index"
checksum = "3ae130e2f271fbc2ac3a40fb1d07180839cdbbe443c7a27e1e3c13c5cac0116d"
dependencies = [
 "diff",
 "yansi",
]

[[package]]
name = "proc-macro2"
version = "1.0.107"
source = "registry+https://github.com/rust-lang/crates.io-index"
checksum = "985e7ec9bb745e6ce6535b544d84d6cd6f7ad8bd711c398938ae983b91a766d9"
dependencies = [
 "unicode-ident",
]

[[package]]
name = "prodash"
version = "31.0.1"
source = "registry+https://github.com/rust-lang/crates.io-index"
checksum = "cf52d87428247c5aa3760ac8e7d8b13ec7b3579b955a8c3f311668b6860acba5"
dependencies = [
 "parking_lot",
]

[[package]]
name = "pulldown-cmark"
version = "0.13.4"
source = "registry+https://github.com/rust-lang/crates.io-index"
checksum = "e9f068eba8e7071c5f9511831b44f32c740d5adf574e990f946ddb53db2f314e"
dependencies = [
 "bitflags 2.13.2",
 "getopts",
 "memchr",
 "pulldown-cmark-escape",
 "unicase",
]

[[package]]
name = "pulldown-cmark-escape"
version = "0.11.0"
source = "registry+https://github.com/rust-lang/crates.io-index"
checksum = "007d8adb5ddab6f8e3f491ac63566a7d5002cc7ed73901f72057943fa71ae1ae"

[[package]]
name = "quote"
version = "1.0.47"
source = "registry+https://github.com/rust-lang/crates.io-index"
checksum = "1fbf4db142a473a8d80c26bbf18454ed458bf8d26c8219c331daecfdbd079001"
dependencies = [
 "proc-macro2",
]

[[package]]
name = "r-efi"
version = "6.0.0"
source = "registry+https://github.com/rust-lang/crates.io-index"
checksum = "f8dcc9c7d52a811697d2151c701e0d08956f92b0e24136cf4cf27b57a6a0d9bf"

[[package]]
name = "redox_syscall"
version = "0.5.18"
source = "registry+https://github.com/rust-lang/crates.io-index"
checksum = "ed2bf2547551a7053d6fdfafda3f938979645c44812fbfcda098faae3f1a362d"
dependencies = [
 "bitflags 2.13.2",
]

[[package]]
name = "regex-automata"
version = "0.4.18"
source = "registry+https://github.com/rust-lang/crates.io-index"
checksum = "ad8553b9b26413251cbf30e620595c7a41b3887f03da04579c0e6b0d6a06b4b2"

[[package]]
name = "rustdoc-json"
version = "0.9.10"
source = "registry+https://github.com/rust-lang/crates.io-index"
checksum = "a9b2c5783825e93b4e3df439f1f98b8803f5912b2c2ce396a4c70eac909e558c"
dependencies = [
 "cargo-manifest",
 "cargo_metadata",
 "serde",
 "thiserror",
 "toml 1.1.6+spec-1.1.0",
 "tracing",
]

[[package]]
name = "rustdoc-types"
version = "0.61.0"
source = "registry+https://github.com/rust-lang/crates.io-index"
checksum = "aa251f75d3b9d5d5d8317ce526dfa4a040c15938d82fd3a5443d103f30a66932"
dependencies = [
 "serde",
 "serde_derive",
]

[[package]]
name = "rustix"
version = "1.1.5"
source = "registry+https://github.com/rust-lang/crates.io-index"
checksum = "891efababe418670775f199f0d233d84843c227a0949a883ce15b37c78d6629d"
dependencies = [
 "bitflags 2.13.2",
 "errno",
 "libc",
 "linux-raw-sys",
 "windows-sys",
]

[[package]]
name = "rustup-toolchain"
version = "0.1.10"
source = "registry+https://github.com/rust-lang/crates.io-index"
checksum = "2d5715001c3f29532641421aaddb1302cbcbfd7507ed5f3a5dd0ddb5b808a7e0"
dependencies = [
 "thiserror",
]

[[package]]
name = "rustversion"
version = "1.0.23"
source = "registry+https://github.com/rust-lang/crates.io-index"
checksum = "cf54715a573b99ac80df0bc206da022bcd442c974952c7b9720069370852e21f"

[[package]]
name = "same-file"
version = "1.0.6"
source = "registry+https://github.com/rust-lang/crates.io-index"
checksum = "93fc1dc3aaa9bfed95e02e6eadabb4baf7e3078b0bd1b4d7b6b0b68378900502"
dependencies = [
 "winapi-util",
]

[[package]]
name = "scopeguard"
version = "1.2.0"
source = "registry+https://github.com/rust-lang/crates.io-index"
checksum = "94143f37725109f92c262ed2cf5e59bce7498c01bcc1502d7b9afe439a4e9f49"

[[package]]
name = "semver"
version = "1.0.28"
source = "registry+https://github.com/rust-lang/crates.io-index"
checksum = "8a7852d02fc848982e0c167ef163aaff9cd91dc640ba85e263cb1ce46fae51cd"
dependencies = [
 "serde",
 "serde_core",
]

[[package]]
name = "serde"
version = "1.0.229"
source = "registry+https://github.com/rust-lang/crates.io-index"
checksum = "4148590afebada386688f18773da617792bf2ef03ffc1e4cbd2b1d45b023e0ba"
dependencies = [
 "serde_core",
 "serde_derive",
]

[[package]]
name = "serde_core"
version = "1.0.229"
source = "registry+https://github.com/rust-lang/crates.io-index"
checksum = "67dca2c9c51e58a4791a4b1ed58308b39c64224d349a935ab5039aa360942a48"
dependencies = [
 "serde_derive",
]

[[package]]
name = "serde_derive"
version = "1.0.229"
source = "registry+https://github.com/rust-lang/crates.io-index"
checksum = "e7a5d71263a5a7d47b41f6b3f06ba276f10cc18b0931f1799f710578e2309348"
dependencies = [
 "proc-macro2",
 "quote",
 "syn 3.0.6",
]

[[package]]
name = "serde_json"
version = "1.0.151"
source = "registry+https://github.com/rust-lang/crates.io-index"
checksum = "c841b55ecdae098c80dcae9cf767f6f8a0c2cdb3416bbef72181df4d0fe73f14"
dependencies = [
 "itoa",
 "memchr",
 "serde",
 "serde_core",
 "zmij",
]

[[package]]
name = "serde_spanned"
version = "0.6.9"
source = "registry+https://github.com/rust-lang/crates.io-index"
checksum = "bf41e0cfaf7226dca15e8197172c295a782857fcb97fad1808a166870dee75a3"
dependencies = [
 "serde",
]

[[package]]
name = "serde_spanned"
version = "1.1.1"
source = "registry+https://github.com/rust-lang/crates.io-index"
checksum = "6662b5879511e06e8999a8a235d848113e942c9124f211511b16466ee2995f26"
dependencies = [
 "serde_core",
]

[[package]]
name = "sha1dc"
version = "0.1.5"
source = "registry+https://github.com/rust-lang/crates.io-index"
checksum = "c5b0ebf6537e3e8db8bb7d21ecb6d7399738c953c757945c6b95e46c4e95df7b"

[[package]]
name = "simdutf8"
version = "0.1.5"
source = "registry+https://github.com/rust-lang/crates.io-index"
checksum = "e3a9fe34e3e7a50316060351f37187a3f546bce95496156754b601a5fa71b76e"

[[package]]
name = "smallvec"
version = "1.16.1"
source = "registry+https://github.com/rust-lang/crates.io-index"
checksum = "ba467056f1b547ed52077911161fc86985becbc60e8e1857c8a144dab0def891"

[[package]]
name = "stable_deref_trait"
version = "1.2.1"
source = "registry+https://github.com/rust-lang/crates.io-index"
checksum = "6ce2be8dc25455e1f91df71bfa12ad37d7af1092ae736f3a6cd0e37bc7810596"

[[package]]
name = "strsim"
version = "0.11.1"
source = "registry+https://github.com/rust-lang/crates.io-index"
checksum = "7da8b5736845d9f2fcb837ea5d9e2628564b3b043a70948a3f0b778838c5fb4f"

[[package]]
name = "syn"
version = "2.0.119"
source = "registry+https://github.com/rust-lang/crates.io-index"
checksum = "872831b642d1a07999a962a351ed35b955ea2cfc8f3862091e2a240a84f17297"
dependencies = [
 "proc-macro2",
 "quote",
 "unicode-ident",
]

[[package]]
name = "syn"
version = "3.0.6"
source = "registry+https://github.com/rust-lang/crates.io-index"
checksum = "8593e8e72159ed2257d083c7a454a85cbf854f37a0966d8d483aff8c8a3ebcee"
dependencies = [
 "proc-macro2",
 "quote",
 "unicode-ident",
]

[[package]]
name = "tempfile"
version = "3.27.0"
source = "registry+https://github.com/rust-lang/crates.io-index"
checksum = "32497e9a4c7b38532efcdebeef879707aa9f794296a4f0244f6f69e9bc8574bd"
dependencies = [
 "fastrand",
 "getrandom",
 "once_cell",
 "rustix",
 "windows-sys",
]

[[package]]
name = "termcolor"
version = "1.4.1"
source = "registry+https://github.com/rust-lang/crates.io-index"
checksum = "06794f8f6c5c898b3275aebefa6b8a1cb24cd2c6c79397ab15774837a0bc5755"
dependencies = [
 "winapi-util",
]

[[package]]
name = "thiserror"
version = "2.0.20"
source = "registry+https://github.com/rust-lang/crates.io-index"
checksum = "ec86235f5fcc2a73650310756d2ac5b138a5780bbbdfae3eeccec992c435ba4f"
dependencies = [
 "thiserror-impl",
]

[[package]]
name = "thiserror-impl"
version = "2.0.20"
source = "registry+https://github.com/rust-lang/crates.io-index"
checksum = "bc04cd3e1236dd4a98afca4569f2deb3f120e5422a4023be2cb683f8486292af"
dependencies = [
 "proc-macro2",
 "quote",
 "syn 3.0.6",
]

[[package]]
name = "tinyvec"
version = "1.13.3"
source = "registry+https://github.com/rust-lang/crates.io-index"
checksum = "fd3ca314f692efd6c868f8408f53fe444634a845f96c028b97d35f6a1f79f0ee"

[[package]]
name = "toml"
version = "0.8.23"
source = "registry+https://github.com/rust-lang/crates.io-index"
checksum = "dc1beb996b9d83529a9e75c17a1686767d148d70663143c7854d8b4a09ced362"
dependencies = [
 "indexmap",
 "serde",
 "serde_spanned 0.6.9",
 "toml_datetime 0.6.11",
 "toml_edit",
]

[[package]]
name = "toml"
version = "1.1.6+spec-1.1.0"
source = "registry+https://github.com/rust-lang/crates.io-index"
checksum = "920602543f0911ab71da12c50d59701da54c196d1a2bf5cb4b75667f137a406a"
dependencies = [
 "indexmap",
 "serde_core",
 "serde_spanned 1.1.1",
 "toml_datetime 1.1.1+spec-1.1.0",
 "toml_parser",
 "toml_writer",
 "winnow 1.0.4",
]

[[package]]
name = "toml_datetime"
version = "0.6.11"
source = "registry+https://github.com/rust-lang/crates.io-index"
checksum = "22cddaf88f4fbc13c51aebbf5f8eceb5c7c5a9da2ac40a13519eb5b0a0e8f11c"
dependencies = [
 "serde",
]

[[package]]
name = "toml_datetime"
version = "1.1.1+spec-1.1.0"
source = "registry+https://github.com/rust-lang/crates.io-index"
checksum = "3165f65f62e28e0115a00b2ebdd37eb6f3b641855f9d636d3cd4103767159ad7"
dependencies = [
 "serde_core",
]

[[package]]
name = "toml_edit"
version = "0.22.27"
source = "registry+https://github.com/rust-lang/crates.io-index"
checksum = "41fe8c660ae4257887cf66394862d21dbca4a6ddd26f04a3560410406a2f819a"
dependencies = [
 "indexmap",
 "serde",
 "serde_spanned 0.6.9",
 "toml_datetime 0.6.11",
 "winnow 0.7.15",
]

[[package]]
name = "toml_parser"
version = "1.1.3+spec-1.1.0"
source = "registry+https://github.com/rust-lang/crates.io-index"
checksum = "1d38ac1cf9b95face32296c0a3ede1fdc270627c9d9c02a7274dd6d960dc4d56"
dependencies = [
 "winnow 1.0.4",
]

[[package]]
name = "toml_writer"
version = "1.1.2+spec-1.1.0"
source = "registry+https://github.com/rust-lang/crates.io-index"
checksum = "7d56353a2a665ad0f41a421187180aab746c8c325620617ad883a99a1cbe66d2"

[[package]]
name = "tracing"
version = "0.1.44"
source = "registry+https://github.com/rust-lang/crates.io-index"
checksum = "63e71662fa4b2a2c3a26f570f037eb95bb1f85397f3cd8076caed2f026a6d100"
dependencies = [
 "pin-project-lite",
 "tracing-attributes",
 "tracing-core",
]

[[package]]
name = "tracing-attributes"
version = "0.1.31"
source = "registry+https://github.com/rust-lang/crates.io-index"
checksum = "7490cfa5ec963746568740651ac6781f701c9c5ea257c58e057f3ba8cf69e8da"
dependencies = [
 "proc-macro2",
 "quote",
 "syn 2.0.119",
]

[[package]]
name = "tracing-core"
version = "0.1.36"
source = "registry+https://github.com/rust-lang/crates.io-index"
checksum = "db97caf9d906fbde555dd62fa95ddba9eecfd14cb388e4f491a66d74cd5fb79a"
dependencies = [
 "once_cell",
]

[[package]]
name = "unicase"
version = "2.9.0"
source = "registry+https://github.com/rust-lang/crates.io-index"
checksum = "dbc4bc3a9f746d862c45cb89d705aa10f187bb96c76001afab07a0d35ce60142"

[[package]]
name = "unicode-bom"
version = "2.0.3"
source = "registry+https://github.com/rust-lang/crates.io-index"
checksum = "7eec5d1121208364f6793f7d2e222bf75a915c19557537745b195b253dd64217"

[[package]]
name = "unicode-ident"
version = "1.0.26"
source = "registry+https://github.com/rust-lang/crates.io-index"
checksum = "d245f478577f809a851594d02313b640fb437e0bb33866753cff937863096954"

[[package]]
name = "unicode-normalization"
version = "0.1.25"
source = "registry+https://github.com/rust-lang/crates.io-index"
checksum = "5fd4f6878c9cb28d874b009da9e8d183b5abc80117c40bbd187a1fde336be6e8"
dependencies = [
 "tinyvec",
]

[[package]]
name = "unicode-width"
version = "0.2.2"
source = "registry+https://github.com/rust-lang/crates.io-index"
checksum = "b4ac048d71ede7ee76d585517add45da530660ef4390e49b098733c6e897f254"

[[package]]
name = "utf8parse"
version = "0.2.2"
source = "registry+https://github.com/rust-lang/crates.io-index"
checksum = "06abde3611657adf66d383f00b093d7faecc7fa57071cce2578660c9f1010821"

[[package]]
name = "walkdir"
version = "2.5.0"
source = "registry+https://github.com/rust-lang/crates.io-index"
checksum = "29790946404f91d9c5d06f9874efddea1dc06c5efe94541a7d6863108e3a5e4b"
dependencies = [
 "same-file",
 "winapi-util",
]

[[package]]
name = "winapi-util"
version = "0.1.11"
source = "registry+https://github.com/rust-lang/crates.io-index"
checksum = "c2a7b1c03c876122aa43f3020e6c3c3ee5c05081c9a00739faf7503aeba10d22"
dependencies = [
 "windows-sys",
]

[[package]]
name = "windows-link"
version = "0.2.1"
source = "registry+https://github.com/rust-lang/crates.io-index"
checksum = "f0805222e57f7521d6a62e36fa9163bc891acd422f971defe97d64e70d0a4fe5"

[[package]]
name = "windows-sys"
version = "0.61.2"
source = "registry+https://github.com/rust-lang/crates.io-index"
checksum = "ae137229bcbd6cdf0f7b80a31df61766145077ddf49416a728b02cb3921ff3fc"
dependencies = [
 "windows-link",
]

[[package]]
name = "winnow"
version = "0.7.15"
source = "registry+https://github.com/rust-lang/crates.io-index"
checksum = "df79d97927682d2fd8adb29682d1140b343be4ac0f08fd68b7765d9c059d3945"
dependencies = [
 "memchr",
]

[[package]]
name = "winnow"
version = "1.0.4"
source = "registry+https://github.com/rust-lang/crates.io-index"
checksum = "23b97319f7b8343df12cc98938e5c3eb436064524c8d2b4e30a1d3a36eecdf81"

[[package]]
name = "yansi"
version = "1.0.1"
source = "registry+https://github.com/rust-lang/crates.io-index"
checksum = "cfe53a6657fd280eaa890a3bc59152892ffa3e30101319d168b781ed6529b049"

[[package]]
name = "zlib-rs"
version = "0.6.8"
source = "registry+https://github.com/rust-lang/crates.io-index"
checksum = "b268e58e7c693d7c271f93ffc4ba3b380412554231c85bf61ca7af91042a4112"

[[package]]
name = "zmij"
version = "1.0.23"
source = "registry+https://github.com/rust-lang/crates.io-index"
checksum = "29666d0abbfad1e3dc4dcf6144730dd3a3ab225bbbdac83319345b1b44ccfc1b"
