# This file is automatically @generated by Cargo.
# It is not intended for manual editing.
version = 4

[[package]]
name = "allocator-api2"
version = "0.2.21"
source = "registry+https://github.com/rust-lang/crates.io-index"
checksum = "683d7910e743518b0e34f1186f92494becacb047c7b6bf616c96772180fef923"

[[package]]
name = "anstream"
version = "1.0.0"
source = "registry+https://github.com/rust-lang/crates.io-index"
checksum = "824a212faf96e9acacdbd09febd34438f8f711fb84e09a8916013cd7815ca28d"
dependencies = [
 "anstyle",
 "anstyle-parse",
 "anstyle-query",
 "anstyle-wincon",
 "colorchoice",
 "is_terminal_polyfill",
 "utf8parse",
]

[[package]]
name = "anstyle"
version = "1.0.14"
source = "registry+https://github.com/rust-lang/crates.io-index"
checksum = "940b3a0ca603d1eade50a4846a2afffd5ef57a9feac2c0e2ec2e14f9ead76000"

[[package]]
name = "anstyle-parse"
version = "1.0.0"
source = "registry+https://github.com/rust-lang/crates.io-index"
checksum = "52ce7f38b242319f7cabaa6813055467063ecdc9d355bbb4ce0c68908cd8130e"
dependencies = [
 "utf8parse",
]

[[package]]
name = "anstyle-query"
version = "1.1.5"
source = "registry+https://github.com/rust-lang/crates.io-index"
checksum = "40c48f72fd53cd289104fc64099abca73db4166ad86ea0b4341abe65af83dadc"
dependencies = [
 "windows-sys",
]

[[package]]
name = "anstyle-wincon"
version = "3.0.11"
source = "registry+https://github.com/rust-lang/crates.io-index"
checksum = "291e6a250ff86cd4a820112fb8898808a366d8f9f58ce16d1f538353ad55747d"
dependencies = [
 "anstyle",
 "once_cell_polyfill",
 "windows-sys",
]

[[package]]
name = "arc-swap"
version = "1.9.2"
source = "registry+https://github.com/rust-lang/crates.io-index"
checksum = "c049c0be4daef0b145cb3555416b3b8ef5b7888a38aea1a3a155801fe7b0810b"
dependencies = [
 "rustversion",
]

[[package]]
name = "bitflags"
version = "1.3.2"
source = "registry+https://github.com/rust-lang/crates.io-index"
checksum = "bef38d45163c2f1dde094a7dfd33ccf595c92905c8f8f4fdc18d06fb1037718a"

[[package]]
name = "bitflags"
version = "2.13.1"
source = "registry+https://github.com/rust-lang/crates.io-index"
checksum = "b588b76d00fde79687d7646a9b5bdf3cc0f655e0bbd080335a95d7e96f3587da"

[[package]]
name = "block-buffer"
version = "0.10.4"
source = "registry+https://github.com/rust-lang/crates.io-index"
checksum = "3078c7629b62d3f0439517fa394996acacc5cbc91c5a20d8c658e77abd503a71"
dependencies = [
 "generic-array",
]

[[package]]
name = "bstr"
version = "1.13.1"
source = "registry+https://github.com/rust-lang/crates.io-index"
checksum = "6bb31b46c14244e20ee9984b11bf5c992b91fb6939fea616e3512c8baecdbe5f"
dependencies = [
 "memchr",
 "regex-automata",
 "serde_core",
]

[[package]]
name = "byteorder"
version = "1.5.0"
source = "registry+https://github.com/rust-lang/crates.io-index"
checksum = "1fd0f2584146f6f2ef48085050886acf353beff7305ebd1ae69500e27c67f64b"

[[package]]
name = "bytes"
version = "1.12.1"
source = "registry+https://github.com/rust-lang/crates.io-index"
checksum = "fc652a48c352aef3ea3aed32080501cf3ef6ed5da78602a020c991775b0aff04"

[[package]]
name = "camino"
version = "1.2.5"
source = "registry+https://github.com/rust-lang/crates.io-index"
checksum = "bb1307f12aa967b5a58416e87b3653360e0fd614a016b6e970db08fecbb1b80d"
dependencies = [
 "serde_core",
]

[[package]]
name = "cargo-manifest"
version = "0.20.0"
source = "registry+https://github.com/rust-lang/crates.io-index"
checksum = "99c6f1c3eb197d17dde4f1a1170fbe7ce3e5f23f1166ae480875a9f4a9c11c40"
dependencies = [
 "serde",
 "thiserror",
 "toml 0.8.23",
]

[[package]]
name = "cargo-platform"
version = "0.3.3"
source = "registry+https://github.com/rust-lang/crates.io-index"
checksum = "dd0061da739915fae12ea00e16397555ed4371a6bb285431aab930f61b0aa4ba"
dependencies = [
 "serde",
 "serde_core",
]

[[package]]
name = "cargo-rdme"
version = "2.2.3-pre"
dependencies = [
 "cargo_metadata",
 "clap",
 "clap-cargo",
 "dunce",
 "gix",
 "indoc",
 "itertools",
 "pretty_assertions",
 "pulldown-cmark",
 "rustdoc-json",
 "rustdoc-types",
 "rustup-toolchain",
 "serde_json",
 "syn 3.0.4",
 "termcolor",
 "thiserror",
 "toml 1.1.6+spec-1.1.0",
 "unicase",
]

[[package]]
name = "cargo_metadata"
version = "0.23.1"
source = "registry+https://github.com/rust-lang/crates.io-index"
checksum = "ef987d17b0a113becdd19d3d0022d04d7ef41f9efe4f3fb63ac44ba61df3ade9"
dependencies = [
 "camino",
 "cargo-platform",
 "semver",
 "serde",
 "serde_json",
 "thiserror",
]

[[package]]
name = "cfg-if"
version = "1.0.4"
source = "registry+https://github.com/rust-lang/crates.io-index"
checksum = "9330f8b2ff13f34540b44e946ef35111825727b38d33286ef986142615121801"

[[package]]
name = "clap"
version = "4.6.6"
source = "registry+https://github.com/rust-lang/crates.io-index"
checksum = "473c7e07f409a8d772161724aa8db6a765a2532a70f9667eeb7b49d3d02fbdca"
dependencies = [
 "clap_builder",
 "clap_derive",
]

[[package]]
name = "clap-cargo"
version = "0.19.0"
source = "registry+https://github.com/rust-lang/crates.io-index"
checksum = "ac0fb996b5acdd543c8b8ff723c719715d437fdce607ac1fda01c977f568020d"
dependencies = [
 "anstyle",
 "clap",
]

[[package]]
name = "clap_builder"
version = "4.6.6"
source = "registry+https://github.com/rust-lang/crates.io-index"
checksum = "7b48fea5a88e9ae728a2dcbedbfc0e730f7d60da42e1cb049a83c9fb8b789889"
dependencies = [
 "anstream",
 "anstyle",
 "clap_lex",
 "strsim",
]

[[package]]
name = "clap_derive"
version = "4.6.4"
source = "registry+https://github.com/rust-lang/crates.io-index"
checksum = "d012d2b9d65aca7f18f4d9878a045bc17899bba951561ba5ec3c2ba1eed9a061"
dependencies = [
 "heck",
 "proc-macro2",
 "quote",
 "syn 3.0.4",
]

[[package]]
name = "clap_lex"
version = "1.1.0"
source = "registry+https://github.com/rust-lang/crates.io-index"
checksum = "c8d4a3bb8b1e0c1050499d1815f5ab16d04f0959b233085fb31653fbfc9d98f9"

[[package]]
name = "clru"
version = "0.6.3"
source = "registry+https://github.com/rust-lang/crates.io-index"
checksum = "197fd99cb113a8d5d9b6376f3aa817f32c1078f2343b714fff7d2ca44fdf67d5"
dependencies = [
 "hashbrown 0.16.1",
]

[[package]]
name = "colorchoice"
version = "1.0.5"
source = "registry+https://github.com/rust-lang/crates.io-index"
checksum = "1d07550c9036bf2ae0c684c4297d503f838287c83c53686d05370d0e139ae570"

[[package]]
name = "cpufeatures"
version = "0.2.17"
source = "registry+https://github.com/rust-lang/crates.io-index"
checksum = "59ed5838eebb26a2bb2e58f6d5b5316989ae9d08bab10e0e6d103e656d1b0280"
dependencies = [
 "libc",
]

[[package]]
name = "crc32fast"
version = "1.5.1"
source = "registry+https://github.com/rust-lang/crates.io-index"
checksum = "8498c871161e1742aaa9d52551b2d6ebdd4c3d45a3be423e3728f33b955be550"
dependencies = [
 "cfg-if",
]

[[package]]
name = "crossbeam-channel"
version = "0.5.16"
source = "registry+https://github.com/rust-lang/crates.io-index"
checksum = "d85363c37faeca707aef026efa9f3b34d077bce547e48f770770625c6013679e"
dependencies = [
 "crossbeam-utils",
]

[[package]]
name = "crossbeam-utils"
version = "0.8.22"
source = "registry+https://github.com/rust-lang/crates.io-index"
checksum = "61803da095bee82a81bb1a452ecc25d3b2f1416d1897eb86430c6159ef717c17"

[[package]]
name = "crypto-common"
version = "0.1.7"
source = "registry+https://github.com/rust-lang/crates.io-index"
checksum = "78c8292055d1c1df0cce5d180393dc8cce0abec0a7102adb6c7b1eef6016d60a"
dependencies = [
 "generic-array",
 "typenum",
]

[[package]]
name = "dashmap"
version = "6.2.1"
source = "registry+https://github.com/rust-lang/crates.io-index"
checksum = "e6361d5c062261c78a176addb82d4c821ae42bed6089de0e12603cd25de2059c"
dependencies = [
 "cfg-if",
 "crossbeam-utils",
 "hashbrown 0.14.5",
 "lock_api",
 "once_cell",
 "parking_lot_core",
]

[[package]]
name = "defmt"
version = "1.1.1"
source = "registry+https://github.com/rust-lang/crates.io-index"
checksum = "e2953bfe4f93bbd20cc71198842756f77d161884c99ebbabc41d80231ded88d1"
dependencies = [
 "bitflags 1.3.2",
 "defmt-macros",
]

[[package]]
name = "defmt-macros"
version = "1.1.1"
source = "registry+https://github.com/rust-lang/crates.io-index"
checksum = "bad9c72e7ca2137e0dc3813245a0d282fd6daad32fd800af018306a9169b5fe8"
dependencies = [
 "defmt-parser",
 "proc-macro2",
 "quote",
 "syn 2.0.119",
]

[[package]]
name = "defmt-parser"
version = "1.0.0"
source = "registry+https://github.com/rust-lang/crates.io-index"
checksum = "10d60334b3b2e7c9d91ef8150abfb6fa4c1c39ebbcf4a81c2e346aad939fee3e"
dependencies = [
 "thiserror",
]

[[package]]
name = "diff"
version = "0.1.13"
source = "registry+https://github.com/rust-lang/crates.io-index"
checksum = "56254986775e3233ffa9c4d7d3faaf6d36a2c09d30b20687e9f88bc8bafc16c8"

[[package]]
name = "digest"
version = "0.10.7"
source = "registry+https://github.com/rust-lang/crates.io-index"
checksum = "9ed9a281f7bc9b7576e61468ba615a66a5c8cfdff42420a70aa82701a3b1e292"
dependencies = [
 "block-buffer",
 "crypto-common",
]

[[package]]
name = "dunce"
version = "1.0.5"
source = "registry+https://github.com/rust-lang/crates.io-index"
checksum = "92773504d58c093f6de2459af4af33faa518c13451eb8f2b5698ed3d36e7c813"

[[package]]
name = "either"
version = "1.18.0"
source = "registry+https://github.com/rust-lang/crates.io-index"
checksum = "252afb9ae5eaa683babdc6a068b3f5726eb19e05070c731f9b2a23a7c3e8ed34"

[[package]]
name = "encoding_rs"
version = "0.8.35"
source = "registry+https://github.com/rust-lang/crates.io-index"
checksum = "75030f3c4f45dafd7586dd6780965a8c7e8e285a5ecb86713e63a79c5b2766f3"
dependencies = [
 "cfg-if",
]

[[package]]
name = "equivalent"
version = "1.0.2"
source = "registry+https://github.com/rust-lang/crates.io-index"
checksum = "877a4ace8713b0bcf2a4e7eec82529c029f1d0619886d18145fea96c3ffe5c0f"

[[package]]
name = "errno"
version = "0.3.14"
source = "registry+https://github.com/rust-lang/crates.io-index"
checksum = "39cab71617ae0d63f51a36d69f866391735b51691dbda63cf6f96d042b63efeb"
dependencies = [
 "libc",
 "windows-sys",
]

[[package]]
name = "faster-hex"
version = "0.10.0"
source = "registry+https://github.com/rust-lang/crates.io-index"
checksum = "7223ae2d2f179b803433d9c830478527e92b8117eab39460edae7f1614d9fb73"
dependencies = [
 "heapless",
 "serde",
]

[[package]]
name = "fastrand"
version = "2.5.0"
source = "registry+https://github.com/rust-lang/crates.io-index"
checksum = "da7c62ceae207dd37ea5b845da6a0696c799f85e97da1ab5b7910be3c1c80223"

[[package]]
name = "filetime"
version = "0.2.29"
source = "registry+https://github.com/rust-lang/crates.io-index"
checksum = "5c287a33c7f0a620c38e641e7f60827713987b3c0f26e8ddc9462cc69cf75759"
dependencies = [
 "cfg-if",
 "libc",
]

[[package]]
name = "fnv"
version = "1.0.7"
source = "registry+https://github.com/rust-lang/crates.io-index"
checksum = "3f9eec918d3f24069decb9af1554cad7c880e2da24a9afd88aca000531ab82c1"

[[package]]
name = "foldhash"
version = "0.2.0"
source = "registry+https://github.com/rust-lang/crates.io-index"
checksum = "77ce24cb58228fbb8aa041425bb1050850ac19177686ea6e0f41a70416f56fdb"

[[package]]
name = "generic-array"
version = "0.14.7"
source = "registry+https://github.com/rust-lang/crates.io-index"
checksum = "85649ca51fd72272d7821adaf274ad91c288277713d9c18820d8499a7ff69e9a"
dependencies = [
 "typenum",
 "version_check",
]

[[package]]
name = "getopts"
version = "0.2.24"
source = "registry+https://github.com/rust-lang/crates.io-index"
checksum = "cfe4fbac503b8d1f88e6676011885f34b7174f46e59956bba534ba83abded4df"
dependencies = [
 "unicode-width",
]

[[package]]
name = "getrandom"
version = "0.4.3"
source = "registry+https://github.com/rust-lang/crates.io-index"
checksum = "300e883d756b2e4ec94e02791f39b04b522276138852cfc41d9fb7e904106099"
dependencies = [
 "cfg-if",
 "libc",
 "r-efi",
]

[[package]]
name = "gix"
version = "0.87.1"
source = "registry+https://github.com/rust-lang/crates.io-index"
checksum = "fdefc1465d8631807deaf504dacdeff628b978de515653b47976ca7c28ab2a7a"
dependencies = [
 "gix-actor",
 "gix-attributes",
 "gix-command",
 "gix-commitgraph",
 "gix-config",
 "gix-date",
 "gix-diff",
 "gix-dir",
 "gix-discover",
 "gix-error",
 "gix-features",
 "gix-filter",
 "gix-fs",
 "gix-glob",
 "gix-hash",
 "gix-hashtable",
 "gix-ignore",
 "gix-index",
 "gix-lock",
 "gix-note",
 "gix-object",
 "gix-odb",
 "gix-pack",
 "gix-path",
 "gix-pathspec",
 "gix-protocol",
 "gix-quote",
 "gix-ref",
 "gix-refspec",
 "gix-revision",
 "gix-revwalk",
 "gix-sec",
 "gix-shallow",
 "gix-status",
 "gix-submodule",
 "gix-tempfile",
 "gix-trace",
 "gix-traverse",
 "gix-url",
 "gix-utils",
 "gix-validate",
 "gix-worktree",
 "gix-worktree-stream",
 "gix-zlib",
 "nonempty",
 "smallvec",
 "thiserror",
]

[[package]]
name = "gix-actor"
version = "0.42.0"
source = "registry+https://github.com/rust-lang/crates.io-index"
checksum = "e37efa99929ac62f980fb1a7dcd09dea85b3aa6ead6ba0498362add3f4e698de"
dependencies = [
 "bstr",
 "gix-date",
 "gix-error",
]

[[package]]
name = "gix-attributes"
version = "0.35.0"
source = "registry+https://github.com/rust-lang/crates.io-index"
checksum = "76b83782ac69ae28921a6e8fbcf2e24069613f1518030b97ae622b079abffa54"
dependencies = [
 "bstr",
 "gix-features",
 "gix-glob",
 "gix-path",
 "gix-quote",
 "gix-trace",
 "smallvec",
 "thiserror",
 "unicode-bom",
]

[[package]]
name = "gix-bitmap"
version = "0.4.0"
source = "registry+https://github.com/rust-lang/crates.io-index"
checksum = "f17013c7ef5cb95ebb4bf4978201e6a8a42ffea9d666fd5388f1b7e742307d80"
dependencies = [
 "gix-error",
]

[[package]]
name = "gix-chunk"
version = "0.8.0"
source = "registry+https://github.com/rust-lang/crates.io-index"
checksum = "00e32f938b3745ac93d73bc7490b6a15a661b2fc81973bfe90e275cc53c908e1"
dependencies = [
 "gix-error",
]

[[package]]
name = "gix-command"
version = "0.10.0"
source = "registry+https://github.com/rust-lang/crates.io-index"
checksum = "0d96b8e8423ce2665232bda1b682a62541f07ab801ffad69a034ef962bed3244"
dependencies = [
 "bstr",
 "gix-path",
 "gix-quote",
 "gix-trace",
 "shell-words",
]

[[package]]
name = "gix-commitgraph"
version = "0.39.0"
source = "registry+https://github.com/rust-lang/crates.io-index"
checksum = "6b93c9fb1f5be01bba54a7a3b7455d359efc68555539c75ef74b8021bb6db497"
dependencies = [
 "bstr",
 "gix-chunk",
 "gix-error",
 "gix-hash",
 "memmap2",
 "nonempty",
]

[[package]]
name = "gix-config"
version = "0.60.0"
source = "registry+https://github.com/rust-lang/crates.io-index"
checksum = "f973c28c0a4871a7926fc90c8377d4458fd6cbb19692f56582b4d2022313ae90"
dependencies = [
 "bstr",
 "gix-config-value",
 "gix-features",
 "gix-glob",
 "gix-path",
 "gix-ref",
 "gix-sec",
 "gix-utils",
 "smallvec",
 "thiserror",
 "unicode-bom",
]

[[package]]
name = "gix-config-value"
version = "0.19.1"
source = "registry+https://github.com/rust-lang/crates.io-index"
checksum = "6f6af5321bfd3711a279d6b244d58532ba1cfabf9eb6374791f19929d8970082"
dependencies = [
 "bitflags 2.13.1",
 "bstr",
 "gix-path",
 "libc",
 "thiserror",
]

[[package]]
name = "gix-date"
version = "0.16.0"
source = "registry+https://github.com/rust-lang/crates.io-index"
checksum = "e63d9aa18f29facd571c8953e66224ee0075b9e16622024794555ed4acceea85"
dependencies = [
 "bstr",
 "gix-error",
 "itoa",
 "jiff",
]

[[package]]
name = "gix-diff"
version = "0.67.1"
source = "registry+https://github.com/rust-lang/crates.io-index"
checksum = "1b1689ff5ddeee4acfb2a43e875a1072a76d208624b15a9065c938b39cb0da2a"
dependencies = [
 "bstr",
 "gix-attributes",
 "gix-command",
 "gix-filter",
 "gix-fs",
 "gix-hash",
 "gix-imara-diff",
 "gix-index",
 "gix-object",
 "gix-path",
 "gix-pathspec",
 "gix-tempfile",
 "gix-trace",
 "gix-traverse",
 "gix-worktree",
 "thiserror",
]

[[package]]
name = "gix-dir"
version = "0.29.1"
source = "registry+https://github.com/rust-lang/crates.io-index"
checksum = "8342d5eb0ea054ed6ef807e628e38f06dd51eceeec9529767d8b23e33eff9c09"
dependencies = [
 "bstr",
 "gix-discover",
 "gix-fs",
 "gix-ignore",
 "gix-index",
 "gix-object",
 "gix-path",
 "gix-pathspec",
 "gix-trace",
 "gix-utils",
 "gix-worktree",
 "thiserror",
]

[[package]]
name = "gix-discover"
version = "0.55.0"
source = "registry+https://github.com/rust-lang/crates.io-index"
checksum = "ec32a30ec2934735599c2545f30067e80bd255fd3454b52a5d59bc02b52874a3"
dependencies = [
 "bstr",
 "dunce",
 "gix-fs",
 "gix-path",
 "gix-ref",
 "gix-sec",
 "thiserror",
]

[[package]]
name = "gix-error"
version = "0.3.1"
source = "registry+https://github.com/rust-lang/crates.io-index"
checksum = "e73b2794a6a746953c24d4ed51e4d408b83d8d599ed4e5c39a47736d75687cf0"
dependencies = [
 "bstr",
]

[[package]]
name = "gix-features"
version = "0.49.1"
source = "registry+https://github.com/rust-lang/crates.io-index"
checksum = "39c0e59d9d253dcccc38c3a46b91bfb9b46bd63eed54fe1a719e12194884d52a"
dependencies = [
 "bytes",
 "crc32fast",
 "crossbeam-channel",
 "gix-path",
 "gix-trace",
 "gix-utils",
 "libc",
 "once_cell",
 "parking_lot",
 "prodash",
 "walkdir",
]

[[package]]
name = "gix-filter"
version = "0.34.0"
source = "registry+https://github.com/rust-lang/crates.io-index"
checksum = "9c30b28d957e2e6f1e1bbfbfd26b8e0bb0aab68d8a5e730fb4fd3049943575e3"
dependencies = [
 "bstr",
 "encoding_rs",
 "gix-attributes",
 "gix-command",
 "gix-hash",
 "gix-object",
 "gix-packetline",
 "gix-path",
 "gix-quote",
 "gix-trace",
 "gix-utils",
 "smallvec",
 "thiserror",
]

[[package]]
name = "gix-fs"
version = "0.22.1"
source = "registry+https://github.com/rust-lang/crates.io-index"
checksum = "ebcfa9fd253f25350a3b21b3dd74034a446098e373c6123d4cee3519894f12ef"
dependencies = [
 "bstr",
 "gix-features",
 "gix-path",
 "gix-utils",
 "thiserror",
]

[[package]]
name = "gix-glob"
version = "0.27.1"
source = "registry+https://github.com/rust-lang/crates.io-index"
checksum = "b417cf515fd8c91468b578071f76d6cba716f8a1eccd853906bff4908b2c1413"
dependencies = [
 "bitflags 2.13.1",
 "bstr",
 "gix-features",
 "gix-path",
]

[[package]]
name = "gix-hash"
version = "0.26.2"
source = "registry+https://github.com/rust-lang/crates.io-index"
checksum = "380b9c423a54f0821064b954b5a5ab25c660812f6a91da03c3f1cb4b10762aa5"
dependencies = [
 "faster-hex",
 "gix-features",
 "sha1-checked",
 "thiserror",
]

[[package]]
name = "gix-hashtable"
version = "0.16.0"
source = "registry+https://github.com/rust-lang/crates.io-index"
checksum = "78fccd6fea3bcf0b39c076bae60ae49b08daaf538b950202101a981f9d3c01d3"
dependencies = [
 "gix-hash",
 "hashbrown 0.17.1",
 "parking_lot",
]

[[package]]
name = "gix-ignore"
version = "0.22.1"
source = "registry+https://github.com/rust-lang/crates.io-index"
checksum = "65859a2f7de5e159d4344a5486ebf53b6bac22d5ec6afa836e47c10ae88a7f0f"
dependencies = [
 "bstr",
 "gix-glob",
 "gix-path",
 "gix-trace",
 "unicode-bom",
]

[[package]]
name = "gix-imara-diff"
version = "0.2.5"
source = "registry+https://github.com/rust-lang/crates.io-index"
checksum = "1c91d8cffac8849493a82233811bd02b2b183b8cf39bf704de0fa0841b737595"
dependencies = [
 "bstr",
 "hashbrown 0.17.1",
]

[[package]]
name = "gix-index"
version = "0.55.0"
source = "registry+https://github.com/rust-lang/crates.io-index"
checksum = "632e16cb48b0e88a747e106924cb2765194105d8070a7a961b0d080ed806c632"
dependencies = [
 "bitflags 2.13.1",
 "bstr",
 "filetime",
 "fnv",
 "gix-bitmap",
 "gix-features",
 "gix-fs",
 "gix-hash",
 "gix-lock",
 "gix-object",
 "gix-traverse",
 "gix-utils",
 "gix-validate",
 "hashbrown 0.17.1",
 "itoa",
 "libc",
 "memmap2",
 "rustix",
 "smallvec",
 "thiserror",
]

[[package]]
name = "gix-lock"
version = "24.0.0"
source = "registry+https://github.com/rust-lang/crates.io-index"
checksum = "d4c69157820343bf1c6e4b88b9808e920900de02e18aaf5862b30ada43814848"
dependencies = [
 "gix-tempfile",
 "gix-utils",
 "thiserror",
]

[[package]]
name = "gix-macros"
version = "0.1.6"
source = "registry+https://github.com/rust-lang/crates.io-index"
checksum = "d3836b4b051393464a753c5a08fe19c7ce0d8b77574a92bd558972941d4553cb"
dependencies = [
 "proc-macro2",
 "quote",
 "syn 2.0.119",
]

[[package]]
name = "gix-note"
version = "0.1.1"
source = "registry+https://github.com/rust-lang/crates.io-index"
checksum = "9af6bbdb3f3c62b4920407c479af1cc0beb27fd75a762782d48baed53d330958"
dependencies = [
 "gix-error",
 "gix-hash",
 "gix-hashtable",
 "gix-object",
]

[[package]]
name = "gix-object"
version = "0.64.1"
source = "registry+https://github.com/rust-lang/crates.io-index"
checksum = "56fef799ca40cdeab4de5a3e74a696d8fa9b9c6264592646bf022e026f13ce2c"
dependencies = [
 "bstr",
 "gix-actor",
 "gix-command",
 "gix-date",
 "gix-features",
 "gix-hash",
 "gix-hashtable",
 "gix-tempfile",
 "gix-utils",
 "gix-validate",
 "itoa",
 "smallvec",
 "thiserror",
]

[[package]]
name = "gix-odb"
version = "0.84.0"
source = "registry+https://github.com/rust-lang/crates.io-index"
checksum = "cf45d195b71cb6363886e7b466821bf4dffd7aba1b6b814ff75488e0061d72a7"
dependencies = [
 "arc-swap",
 "gix-features",
 "gix-fs",
 "gix-hash",
 "gix-hashtable",
 "gix-object",
 "gix-pack",
 "gix-path",
 "gix-quote",
 "gix-zlib",
 "memmap2",
 "parking_lot",
 "tempfile",
 "thiserror",
]

[[package]]
name = "gix-pack"
version = "0.74.2"
source = "registry+https://github.com/rust-lang/crates.io-index"
checksum = "3d199d515cbdcf05f531f3859be9771fc12acac7b7fe0f5b581b2c1ab1c3a61e"
dependencies = [
 "clru",
 "gix-chunk",
 "gix-error",
 "gix-features",
 "gix-hash",
 "gix-hashtable",
 "gix-object",
 "gix-path",
 "gix-zlib",
 "memmap2",
 "smallvec",
 "thiserror",
]

[[package]]
name = "gix-packetline"
version = "0.22.2"
source = "registry+https://github.com/rust-lang/crates.io-index"
checksum = "792bd92bea390087e6223b18d4d023decc36467de31e6b066b69b94beea1b9e2"
dependencies = [
 "bstr",
 "faster-hex",
 "gix-trace",
 "thiserror",
]

[[package]]
name = "gix-path"
version = "0.12.5"
source = "registry+https://github.com/rust-lang/crates.io-index"
checksum = "2b075e730586bba7341304d6fc1b4efc1d10cf64532622521c0e07f30e661046"
dependencies = [
 "bstr",
 "gix-trace",
 "gix-validate",
 "thiserror",
]

[[package]]
name = "gix-pathspec"
version = "0.20.0"
source = "registry+https://github.com/rust-lang/crates.io-index"
checksum = "c92e44c63ba53bb55aa88ee48847664beae9446417621582fb14dfc69b2f8c72"
dependencies = [
 "bitflags 2.13.1",
 "bstr",
 "gix-attributes",
 "gix-config-value",
 "gix-glob",
 "gix-path",
 "thiserror",
]

[[package]]
name = "gix-protocol"
version = "0.65.1"
source = "registry+https://github.com/rust-lang/crates.io-index"
checksum = "68878c37ae168b474c762d70adc8a8e0f9323ed0d80444a672e2eb561fa16691"
dependencies = [
 "bstr",
 "gix-date",
 "gix-features",
 "gix-hash",
 "gix-macros",
 "gix-ref",
 "gix-shallow",
 "gix-transport",
 "gix-utils",
 "nonempty",
 "thiserror",
]

[[package]]
name = "gix-quote"
version = "0.8.0"
source = "registry+https://github.com/rust-lang/crates.io-index"
checksum = "f74795eb76eab8313063849f9cbd2bbcdc6e4692f71c1d7d0244ab11cd777329"
dependencies = [
 "bstr",
 "gix-error",
 "gix-utils",
]

[[package]]
name = "gix-ref"
version = "0.67.1"
source = "registry+https://github.com/rust-lang/crates.io-index"
checksum = "8328387e7ab354e1dc3afb63e6b4d1866f82d7ce035222bc9d5baaf36bc88020"
dependencies = [
 "gix-actor",
 "gix-features",
 "gix-fs",
 "gix-hash",
 "gix-lock",
 "gix-object",
 "gix-path",
 "gix-tempfile",
 "gix-utils",
 "gix-validate",
 "memmap2",
 "thiserror",
]

[[package]]
name = "gix-refspec"
version = "0.45.1"
source = "registry+https://github.com/rust-lang/crates.io-index"
checksum = "7de280d46e8fd9e4d3e7e2ab4276b965e377ba68b2b9a8fce56371015e8bb059"
dependencies = [
 "bstr",
 "gix-hash",
 "gix-validate",
 "smallvec",
 "thiserror",
]

[[package]]
name = "gix-revision"
version = "0.49.1"
source = "registry+https://github.com/rust-lang/crates.io-index"
checksum = "4577b864c3e134697e91564553e43230c2e401bb1bcc51cfa998edca21c95078"
dependencies = [
 "bstr",
 "gix-commitgraph",
 "gix-date",
 "gix-error",
 "gix-hash",
 "gix-object",
 "gix-revwalk",
 "nonempty",
]

[[package]]
name = "gix-revwalk"
version = "0.35.0"
source = "registry+https://github.com/rust-lang/crates.io-index"
checksum = "248823eefe405e2c0754b74f6f43ab6faab68670cdbf2d6e114cb0471f766450"
dependencies = [
 "gix-commitgraph",
 "gix-date",
 "gix-error",
 "gix-hash",
 "gix-hashtable",
 "gix-object",
 "smallvec",
 "thiserror",
]

[[package]]
name = "gix-sec"
version = "0.14.2"
source = "registry+https://github.com/rust-lang/crates.io-index"
checksum = "af4fe6c152c1d50aea36f299825702cd37e303307832fec1d0fdd5844e47ce2f"
dependencies = [
 "bitflags 2.13.1",
 "gix-path",
 "libc",
 "windows-sys",
]

[[package]]
name = "gix-shallow"
version = "0.13.0"
source = "registry+https://github.com/rust-lang/crates.io-index"
checksum = "1ecc9f4b40537043e4bbd7d3d1760e74fb8e7b07a546166b558acaa73ad97f4a"
dependencies = [
 "bstr",
 "gix-hash",
 "gix-lock",
 "nonempty",
 "thiserror",
]

[[package]]
name = "gix-status"
version = "0.34.1"
source = "registry+https://github.com/rust-lang/crates.io-index"
checksum = "1401d871c01d82add5a9f654439b00722d0c632b332cd2cb63193f94327c8458"
dependencies = [
 "bstr",
 "filetime",
 "gix-diff",
 "gix-dir",
 "gix-features",
 "gix-filter",
 "gix-fs",
 "gix-hash",
 "gix-index",
 "gix-object",
 "gix-path",
 "gix-pathspec",
 "gix-worktree",
 "hashbrown 0.16.1",
 "portable-atomic",
 "thiserror",
 "windows-sys",
]

[[package]]
name = "gix-submodule"
version = "0.34.0"
source = "registry+https://github.com/rust-lang/crates.io-index"
checksum = "da85564d6725c483b8d95d7b31d1db0b78c29e462a2b481949e2f18e1ed55a6a"
dependencies = [
 "bstr",
 "gix-config",
 "gix-path",
 "gix-pathspec",
 "gix-refspec",
 "gix-url",
 "thiserror",
]

[[package]]
name = "gix-tempfile"
version = "24.0.0"
source = "registry+https://github.com/rust-lang/crates.io-index"
checksum = "b675b920bd5a61d17ad542772f03ec34c60feb8ff683e1560c03ae967363731e"
dependencies = [
 "dashmap",
 "gix-fs",
 "libc",
 "parking_lot",
 "tempfile",
]

[[package]]
name = "gix-trace"
version = "0.1.21"
source = "registry+https://github.com/rust-lang/crates.io-index"
checksum = "be3eb81d9dc914335923e50d52829c551feefd6a72d176c4130c546b67a60814"

[[package]]
name = "gix-transport"
version = "0.59.1"
source = "registry+https://github.com/rust-lang/crates.io-index"
checksum = "b1295b6ada647b5b4ac6eb123d95a82ee80aef11a7d9db6ea9cb38dcbd411362"
dependencies = [
 "bstr",
 "gix-command",
 "gix-features",
 "gix-packetline",
 "gix-path",
 "gix-quote",
 "gix-sec",
 "gix-url",
 "thiserror",
]

[[package]]
name = "gix-traverse"
version = "0.61.0"
source = "registry+https://github.com/rust-lang/crates.io-index"
checksum = "9af3503668739f4de5dba57fe15cfd9adc443b08bcbbf195e5de16b648872245"
dependencies = [
 "bitflags 2.13.1",
 "gix-commitgraph",
 "gix-date",
 "gix-hash",
 "gix-hashtable",
 "gix-object",
 "gix-revwalk",
 "smallvec",
 "thiserror",
]

[[package]]
name = "gix-url"
version = "0.38.0"
source = "registry+https://github.com/rust-lang/crates.io-index"
checksum = "5bda80ccb4bc81fb9fb07a975916eb0c7a889bcbcb0c8a239c3f82a9cc2abdda"
dependencies = [
 "bstr",
 "gix-path",
 "gix-utils",
 "percent-encoding",
 "thiserror",
]

[[package]]
name = "gix-utils"
version = "0.3.6"
source = "registry+https://github.com/rust-lang/crates.io-index"
checksum = "0da1c46491b49458a446cc76f0085860f8164c2290742e0aa8c653ce67240a97"
dependencies = [
 "bstr",
 "fastrand",
 "getrandom",
 "unicode-normalization",
]

[[package]]
name = "gix-validate"
version = "0.11.4"
source = "registry+https://github.com/rust-lang/crates.io-index"
checksum = "4dae8780f63ed8a803b8bdabbd7aa5f5c5d74592c8b50eed875c1bb4f6545a6a"
dependencies = [
 "bstr",
]

[[package]]
name = "gix-worktree"
version = "0.56.0"
source = "registry+https://github.com/rust-lang/crates.io-index"
checksum = "3ed36b627476e2072c129900a17c977a38052b5497e27308159bc881fbf4eecf"
dependencies = [
 "bstr",
 "gix-attributes",
 "gix-fs",
 "gix-glob",
 "gix-hash",
 "gix-ignore",
 "gix-index",
 "gix-object",
 "gix-path",
 "gix-validate",
]

[[package]]
name = "gix-worktree-stream"
version = "0.36.1"
source = "registry+https://github.com/rust-lang/crates.io-index"
checksum = "de5ec0ccbab39c9994656ea031ded8ffd90b370a3cc8e360fbe3c4ebe7c64964"
dependencies = [
 "gix-attributes",
 "gix-error",
 "gix-features",
 "gix-filter",
 "gix-fs",
 "gix-hash",
 "gix-object",
 "gix-path",
 "gix-traverse",
 "parking_lot",
]

[[package]]
name = "gix-zlib"
version = "0.1.0"
source = "registry+https://github.com/rust-lang/crates.io-index"
checksum = "3e8813f5579b3075ff9c90f7c59cd2b62b4ebb639361f0911648b22d7446cc7c"
dependencies = [
 "thiserror",
 "zlib-rs",
]

[[package]]
name = "hash32"
version = "0.3.1"
source = "registry+https://github.com/rust-lang/crates.io-index"
checksum = "47d60b12902ba28e2730cd37e95b8c9223af2808df9e902d4df49588d1470606"
dependencies = [
 "byteorder",
]

[[package]]
name = "hashbrown"
version = "0.14.5"
source = "registry+https://github.com/rust-lang/crates.io-index"
checksum = "e5274423e17b7c9fc20b6e7e208532f9b19825d82dfd615708b70edd83df41f1"

[[package]]
name = "hashbrown"
version = "0.16.1"
source = "registry+https://github.com/rust-lang/crates.io-index"
checksum = "841d1cc9bed7f9236f321df977030373f4a4163ae1a7dbfe1a51a2c1a51d9100"
dependencies = [
 "allocator-api2",
 "equivalent",
 "foldhash",
]

[[package]]
name = "hashbrown"
version = "0.17.1"
source = "registry+https://github.com/rust-lang/crates.io-index"
checksum = "ed5909b6e89a2db4456e54cd5f673791d7eca6732202bbf2a9cc504fe2f9b84a"
dependencies = [
 "allocator-api2",
 "equivalent",
 "foldhash",
]

[[package]]
name = "heapless"
version = "0.8.0"
source = "registry+https://github.com/rust-lang/crates.io-index"
checksum = "0bfb9eb618601c89945a70e254898da93b13be0388091d42117462b265bb3fad"
dependencies = [
 "hash32",
 "stable_deref_trait",
]

[[package]]
name = "heck"
version = "0.5.0"
source = "registry+https://github.com/rust-lang/crates.io-index"
checksum = "2304e00983f87ffb38b55b444b5e3b60a884b5d30c0fca7d82fe33449bbe55ea"

[[package]]
name = "indexmap"
version = "2.14.0"
source = "registry+https://github.com/rust-lang/crates.io-index"
checksum = "d466e9454f08e4a911e14806c24e16fba1b4c121d1ea474396f396069cf949d9"
dependencies = [
 "equivalent",
 "hashbrown 0.17.1",
]

[[package]]
name = "indoc"
version = "2.0.7"
source = "registry+https://github.com/rust-lang/crates.io-index"
checksum = "79cf5c93f93228cf8efb3ba362535fb11199ac548a09ce117c9b1adc3030d706"
dependencies = [
 "rustversion",
]

[[package]]
name = "is_terminal_polyfill"
version = "1.70.2"
source = "registry+https://github.com/rust-lang/crates.io-index"
checksum = "a6cb138bb79a146c1bd460005623e142ef0181e3d0219cb493e02f7d08a35695"

[[package]]
name = "itertools"
version = "0.15.0"
source = "registry+https://github.com/rust-lang/crates.io-index"
checksum = "8b4baf93f58d4425749ca49a51c50ebab072c5df6994d08fed93541c331481dc"
dependencies = [
 "either",
]

[[package]]
name = "itoa"
version = "1.0.18"
source = "registry+https://github.com/rust-lang/crates.io-index"
checksum = "8f42a60cbdf9a97f5d2305f08a87dc4e09308d1276d28c869c684d7777685682"

[[package]]
name = "jiff"
version = "0.2.35"
source = "registry+https://github.com/rust-lang/crates.io-index"
checksum = "668b7183bd07af9a4885f5c35b0cc5c83c4607a913c16b7e17291832910d2dcc"
dependencies = [
 "defmt",
 "jiff-core",
 "jiff-static",
 "jiff-tzdb-platform",
 "log",
 "portable-atomic",
 "portable-atomic-util",
 "serde_core",
 "windows-link",
]

[[package]]
name = "jiff-core"
version = "0.1.0"
source = "registry+https://github.com/rust-lang/crates.io-index"
checksum = "7feca88439efe53da3754500c1851dedf3cb36c524dd5cf8225cc0794de95d09"
dependencies = [
 "defmt",
]

[[package]]
name = "jiff-static"
version = "0.2.35"
source = "registry+https://github.com/rust-lang/crates.io-index"
checksum = "3a69dcb3a21cfb32ce1cd056169337ca284af0766dd766e7878819b251a49204"
dependencies = [
 "jiff-core",
 "proc-macro2",
 "quote",
 "syn 2.0.119",
]

[[package]]
name = "jiff-tzdb"
version = "0.1.8"
source = "registry+https://github.com/rust-lang/crates.io-index"
checksum = "142bd39932ad231f10513df9ab62661fead8719872150b7ad02a2df79f4e141e"

[[package]]
name = "jiff-tzdb-platform"
version = "0.1.3"
source = "registry+https://github.com/rust-lang/crates.io-index"
checksum = "875a5a69ac2bab1a891711cf5eccbec1ce0341ea805560dcd90b7a2e925132e8"
dependencies = [
 "jiff-tzdb",
]

[[package]]
name = "libc"
version = "0.2.189"
source = "registry+https://github.com/rust-lang/crates.io-index"
checksum = "3eaf3ede3fee6db1a4c2ee091bf8a8b4dccdc6d17f656fb07896ee72867612f2"

[[package]]
name = "linux-raw-sys"
version = "0.12.1"
source = "registry+https://github.com/rust-lang/crates.io-index"
checksum = "32a66949e030da00e8c7d4434b251670a91556f4144941d37452769c25d58a53"

[[package]]
name = "lock_api"
version = "0.4.14"
source = "registry+https://github.com/rust-lang/crates.io-index"
checksum = "224399e74b87b5f3557511d98dff8b14089b3dadafcab6bb93eab67d3aace965"
dependencies = [
 "scopeguard",
]

[[package]]
name = "log"
version = "0.4.34"
source = "registry+https://github.com/rust-lang/crates.io-index"
checksum = "f9f8bd3e56ce4dfc153cf470fffbfa98c7620958b312ca5c3a4b8d5181fd13c6"

[[package]]
name = "memchr"
version = "2.8.3"
source = "registry+https://github.com/rust-lang/crates.io-index"
checksum = "cf8baf1c55e62ffcace7a9f06f4bd9cd3f0c4beb022d3b367256b91b87513d98"

[[package]]
name = "memmap2"
version = "0.9.11"
source = "registry+https://github.com/rust-lang/crates.io-index"
checksum = "d1219ed1b7f229ee7104d281dd01d6802fe28bb6e95d292942c4daacdeb798c0"
dependencies = [
 "libc",
]

[[package]]
name = "nonempty"
version = "0.12.0"
source = "registry+https://github.com/rust-lang/crates.io-index"
checksum = "9737e026353e5cd0736f98eddae28665118eb6f6600902a7f50db585621fecb6"

[[package]]
name = "once_cell"
version = "1.21.4"
source = "registry+https://github.com/rust-lang/crates.io-index"
checksum = "9f7c3e4beb33f85d45ae3e3a1792185706c8e16d043238c593331cc7cd313b50"

[[package]]
name = "once_cell_polyfill"
version = "1.70.2"
source = "registry+https://github.com/rust-lang/crates.io-index"
checksum = "384b8ab6d37215f3c5301a95a4accb5d64aa607f1fcb26a11b5303878451b4fe"

[[package]]
name = "parking_lot"
version = "0.12.5"
source = "registry+https://github.com/rust-lang/crates.io-index"
checksum = "93857453250e3077bd71ff98b6a65ea6621a19bb0f559a85248955ac12c45a1a"
dependencies = [
 "lock_api",
 "parking_lot_core",
]

[[package]]
name = "parking_lot_core"
version = "0.9.12"
source = "registry+https://github.com/rust-lang/crates.io-index"
checksum = "2621685985a2ebf1c516881c026032ac7deafcda1a2c9b7850dc81e3dfcb64c1"
dependencies = [
 "cfg-if",
 "libc",
 "redox_syscall",
 "smallvec",
 "windows-link",
]

[[package]]
name = "percent-encoding"
version = "2.3.2"
source = "registry+https://github.com/rust-lang/crates.io-index"
checksum = "9b4f627cb1b25917193a259e49bdad08f671f8d9708acfd5fe0a8c1455d87220"

[[package]]
name = "pin-project-lite"
version = "0.2.17"
source = "registry+https://github.com/rust-lang/crates.io-index"
checksum = "a89322df9ebe1c1578d689c92318e070967d1042b512afbe49518723f4e6d5cd"

[[package]]
name = "portable-atomic"
version = "1.15.0"
source = "registry+https://github.com/rust-lang/crates.io-index"
checksum = "05c8b63e8d9609db387f0324918f81d68fe27748f084ef092fb35954d0539a85"

[[package]]
name = "portable-atomic-util"
version = "0.2.7"
source = "registry+https://github.com/rust-lang/crates.io-index"
checksum = "c2a106d1259c23fac8e543272398ae0e3c0b8d33c88ed73d0cc71b0f1d902618"
dependencies = [
 "portable-atomic",
]

[[package]]
name = "pretty_assertions"
version = "1.4.1"
source = "registry+https://github.com/rust-lang/crates.io-index"
checksum = "3ae130e2f271fbc2ac3a40fb1d07180839cdbbe443c7a27e1e3c13c5cac0116d"
dependencies = [
 "diff",
 "yansi",
]

[[package]]
name = "proc-macro2"
version = "1.0.107"
source = "registry+https://github.com/rust-lang/crates.io-index"
checksum = "985e7ec9bb745e6ce6535b544d84d6cd6f7ad8bd711c398938ae983b91a766d9"
dependencies = [
 "unicode-ident",
]

[[package]]
name = "prodash"
version = "31.0.0"
source = "registry+https://github.com/rust-lang/crates.io-index"
checksum = "962200e2d7d551451297d9fdce85138374019ada198e30ea9ede38034e27604c"
dependencies = [
 "parking_lot",
]

[[package]]
name = "pulldown-cmark"
version = "0.13.4"
source = "registry+https://github.com/rust-lang/crates.io-index"
checksum = "e9f068eba8e7071c5f9511831b44f32c740d5adf574e990f946ddb53db2f314e"
dependencies = [
 "bitflags 2.13.1",
 "getopts",
 "memchr",
 "pulldown-cmark-escape",
 "unicase",
]

[[package]]
name = "pulldown-cmark-escape"
version = "0.11.0"
source = "registry+https://github.com/rust-lang/crates.io-index"
checksum = "007d8adb5ddab6f8e3f491ac63566a7d5002cc7ed73901f72057943fa71ae1ae"

[[package]]
name = "quote"
version = "1.0.47"
source = "registry+https://github.com/rust-lang/crates.io-index"
checksum = "1fbf4db142a473a8d80c26bbf18454ed458bf8d26c8219c331daecfdbd079001"
dependencies = [
 "proc-macro2",
]

[[package]]
name = "r-efi"
version = "6.0.0"
source = "registry+https://github.com/rust-lang/crates.io-index"
checksum = "f8dcc9c7d52a811697d2151c701e0d08956f92b0e24136cf4cf27b57a6a0d9bf"

[[package]]
name = "redox_syscall"
version = "0.5.18"
source = "registry+https://github.com/rust-lang/crates.io-index"
checksum = "ed2bf2547551a7053d6fdfafda3f938979645c44812fbfcda098faae3f1a362d"
dependencies = [
 "bitflags 2.13.1",
]

[[package]]
name = "regex-automata"
version = "0.4.18"
source = "registry+https://github.com/rust-lang/crates.io-index"
checksum = "ad8553b9b26413251cbf30e620595c7a41b3887f03da04579c0e6b0d6a06b4b2"

[[package]]
name = "rustdoc-json"
version = "0.9.10"
source = "registry+https://github.com/rust-lang/crates.io-index"
checksum = "a9b2c5783825e93b4e3df439f1f98b8803f5912b2c2ce396a4c70eac909e558c"
dependencies = [
 "cargo-manifest",
 "cargo_metadata",
 "serde",
 "thiserror",
 "toml 1.1.6+spec-1.1.0",
 "tracing",
]

[[package]]
name = "rustdoc-types"
version = "0.61.0"
source = "registry+https://github.com/rust-lang/crates.io-index"
checksum = "aa251f75d3b9d5d5d8317ce526dfa4a040c15938d82fd3a5443d103f30a66932"
dependencies = [
 "serde",
 "serde_derive",
]

[[package]]
name = "rustix"
version = "1.1.4"
source = "registry+https://github.com/rust-lang/crates.io-index"
checksum = "b6fe4565b9518b83ef4f91bb47ce29620ca828bd32cb7e408f0062e9930ba190"
dependencies = [
 "bitflags 2.13.1",
 "errno",
 "libc",
 "linux-raw-sys",
 "windows-sys",
]

[[package]]
name = "rustup-toolchain"
version = "0.1.10"
source = "registry+https://github.com/rust-lang/crates.io-index"
checksum = "2d5715001c3f29532641421aaddb1302cbcbfd7507ed5f3a5dd0ddb5b808a7e0"
dependencies = [
 "thiserror",
]

[[package]]
name = "rustversion"
version = "1.0.23"
source = "registry+https://github.com/rust-lang/crates.io-index"
checksum = "cf54715a573b99ac80df0bc206da022bcd442c974952c7b9720069370852e21f"

[[package]]
name = "same-file"
version = "1.0.6"
source = "registry+https://github.com/rust-lang/crates.io-index"
checksum = "93fc1dc3aaa9bfed95e02e6eadabb4baf7e3078b0bd1b4d7b6b0b68378900502"
dependencies = [
 "winapi-util",
]

[[package]]
name = "scopeguard"
version = "1.2.0"
source = "registry+https://github.com/rust-lang/crates.io-index"
checksum = "94143f37725109f92c262ed2cf5e59bce7498c01bcc1502d7b9afe439a4e9f49"

[[package]]
name = "semver"
version = "1.0.28"
source = "registry+https://github.com/rust-lang/crates.io-index"
checksum = "8a7852d02fc848982e0c167ef163aaff9cd91dc640ba85e263cb1ce46fae51cd"
dependencies = [
 "serde",
 "serde_core",
]

[[package]]
name = "serde"
version = "1.0.229"
source = "registry+https://github.com/rust-lang/crates.io-index"
checksum = "4148590afebada386688f18773da617792bf2ef03ffc1e4cbd2b1d45b023e0ba"
dependencies = [
 "serde_core",
 "serde_derive",
]

[[package]]
name = "serde_core"
version = "1.0.229"
source = "registry+https://github.com/rust-lang/crates.io-index"
checksum = "67dca2c9c51e58a4791a4b1ed58308b39c64224d349a935ab5039aa360942a48"
dependencies = [
 "serde_derive",
]

[[package]]
name = "serde_derive"
version = "1.0.229"
source = "registry+https://github.com/rust-lang/crates.io-index"
checksum = "e7a5d71263a5a7d47b41f6b3f06ba276f10cc18b0931f1799f710578e2309348"
dependencies = [
 "proc-macro2",
 "quote",
 "syn 3.0.4",
]

[[package]]
name = "serde_json"
version = "1.0.151"
source = "registry+https://github.com/rust-lang/crates.io-index"
checksum = "c841b55ecdae098c80dcae9cf767f6f8a0c2cdb3416bbef72181df4d0fe73f14"
dependencies = [
 "itoa",
 "memchr",
 "serde",
 "serde_core",
 "zmij",
]

[[package]]
name = "serde_spanned"
version = "0.6.9"
source = "registry+https://github.com/rust-lang/crates.io-index"
checksum = "bf41e0cfaf7226dca15e8197172c295a782857fcb97fad1808a166870dee75a3"
dependencies = [
 "serde",
]

[[package]]
name = "serde_spanned"
version = "1.1.1"
source = "registry+https://github.com/rust-lang/crates.io-index"
checksum = "6662b5879511e06e8999a8a235d848113e942c9124f211511b16466ee2995f26"
dependencies = [
 "serde_core",
]

[[package]]
name = "sha1"
version = "0.10.7"
source = "registry+https://github.com/rust-lang/crates.io-index"
checksum = "a978451301f4db1d02937a4ab3ccce137717b81826e79b7d49ffe3244a13c3b8"
dependencies = [
 "cfg-if",
 "cpufeatures",
 "digest",
]

[[package]]
name = "sha1-checked"
version = "0.10.0"
source = "registry+https://github.com/rust-lang/crates.io-index"
checksum = "89f599ac0c323ebb1c6082821a54962b839832b03984598375bff3975b804423"
dependencies = [
 "digest",
 "sha1",
]

[[package]]
name = "shell-words"
version = "1.1.1"
source = "registry+https://github.com/rust-lang/crates.io-index"
checksum = "dc6fe69c597f9c37bfeeeeeb33da3530379845f10be461a66d16d03eca2ded77"

[[package]]
name = "smallvec"
version = "1.15.2"
source = "registry+https://github.com/rust-lang/crates.io-index"
checksum = "8ed6a63f02c8539c91a8685a86f4099661ba3da017932f6ebbea6de3f0fa7c90"

[[package]]
name = "stable_deref_trait"
version = "1.2.1"
source = "registry+https://github.com/rust-lang/crates.io-index"
checksum = "6ce2be8dc25455e1f91df71bfa12ad37d7af1092ae736f3a6cd0e37bc7810596"

[[package]]
name = "strsim"
version = "0.11.1"
source = "registry+https://github.com/rust-lang/crates.io-index"
checksum = "7da8b5736845d9f2fcb837ea5d9e2628564b3b043a70948a3f0b778838c5fb4f"

[[package]]
name = "syn"
version = "2.0.119"
source = "registry+https://github.com/rust-lang/crates.io-index"
checksum = "872831b642d1a07999a962a351ed35b955ea2cfc8f3862091e2a240a84f17297"
dependencies = [
 "proc-macro2",
 "quote",
 "unicode-ident",
]

[[package]]
name = "syn"
version = "3.0.4"
source = "registry+https://github.com/rust-lang/crates.io-index"
checksum = "e6275cddf4610d1775e6d1fe9469b2e77d0f39fd98fb7450901b821e0c53649f"
dependencies = [
 "proc-macro2",
 "quote",
 "unicode-ident",
]

[[package]]
name = "tempfile"
version = "3.27.0"
source = "registry+https://github.com/rust-lang/crates.io-index"
checksum = "32497e9a4c7b38532efcdebeef879707aa9f794296a4f0244f6f69e9bc8574bd"
dependencies = [
 "fastrand",
 "getrandom",
 "once_cell",
 "rustix",
 "windows-sys",
]

[[package]]
name = "termcolor"
version = "1.4.1"
source = "registry+https://github.com/rust-lang/crates.io-index"
checksum = "06794f8f6c5c898b3275aebefa6b8a1cb24cd2c6c79397ab15774837a0bc5755"
dependencies = [
 "winapi-util",
]

[[package]]
name = "thiserror"
version = "2.0.20"
source = "registry+https://github.com/rust-lang/crates.io-index"
checksum = "ec86235f5fcc2a73650310756d2ac5b138a5780bbbdfae3eeccec992c435ba4f"
dependencies = [
 "thiserror-impl",
]

[[package]]
name = "thiserror-impl"
version = "2.0.20"
source = "registry+https://github.com/rust-lang/crates.io-index"
checksum = "bc04cd3e1236dd4a98afca4569f2deb3f120e5422a4023be2cb683f8486292af"
dependencies = [
 "proc-macro2",
 "quote",
 "syn 3.0.4",
]

[[package]]
name = "tinyvec"
version = "1.12.0"
source = "registry+https://github.com/rust-lang/crates.io-index"
checksum = "bb4ebadaa0af04fab11ae01eb5f9fdb5f9c5b875506e210e71c07873528baa7f"
dependencies = [
 "tinyvec_macros",
]

[[package]]
name = "tinyvec_macros"
version = "0.1.1"
source = "registry+https://github.com/rust-lang/crates.io-index"
checksum = "1f3ccbac311fea05f86f61904b462b55fb3df8837a366dfc601a0161d0532f20"

[[package]]
name = "toml"
version = "0.8.23"
source = "registry+https://github.com/rust-lang/crates.io-index"
checksum = "dc1beb996b9d83529a9e75c17a1686767d148d70663143c7854d8b4a09ced362"
dependencies = [
 "indexmap",
 "serde",
 "serde_spanned 0.6.9",
 "toml_datetime 0.6.11",
 "toml_edit",
]

[[package]]
name = "toml"
version = "1.1.6+spec-1.1.0"
source = "registry+https://github.com/rust-lang/crates.io-index"
checksum = "920602543f0911ab71da12c50d59701da54c196d1a2bf5cb4b75667f137a406a"
dependencies = [
 "indexmap",
 "serde_core",
 "serde_spanned 1.1.1",
 "toml_datetime 1.1.1+spec-1.1.0",
 "toml_parser",
 "toml_writer",
 "winnow 1.0.4",
]

[[package]]
name = "toml_datetime"
version = "0.6.11"
source = "registry+https://github.com/rust-lang/crates.io-index"
checksum = "22cddaf88f4fbc13c51aebbf5f8eceb5c7c5a9da2ac40a13519eb5b0a0e8f11c"
dependencies = [
 "serde",
]

[[package]]
name = "toml_datetime"
version = "1.1.1+spec-1.1.0"
source = "registry+https://github.com/rust-lang/crates.io-index"
checksum = "3165f65f62e28e0115a00b2ebdd37eb6f3b641855f9d636d3cd4103767159ad7"
dependencies = [
 "serde_core",
]

[[package]]
name = "toml_edit"
version = "0.22.27"
source = "registry+https://github.com/rust-lang/crates.io-index"
checksum = "41fe8c660ae4257887cf66394862d21dbca4a6ddd26f04a3560410406a2f819a"
dependencies = [
 "indexmap",
 "serde",
 "serde_spanned 0.6.9",
 "toml_datetime 0.6.11",
 "winnow 0.7.15",
]

[[package]]
name = "toml_parser"
version = "1.1.3+spec-1.1.0"
source = "registry+https://github.com/rust-lang/crates.io-index"
checksum = "1d38ac1cf9b95face32296c0a3ede1fdc270627c9d9c02a7274dd6d960dc4d56"
dependencies = [
 "winnow 1.0.4",
]

[[package]]
name = "toml_writer"
version = "1.1.2+spec-1.1.0"
source = "registry+https://github.com/rust-lang/crates.io-index"
checksum = "7d56353a2a665ad0f41a421187180aab746c8c325620617ad883a99a1cbe66d2"

[[package]]
name = "tracing"
version = "0.1.44"
source = "registry+https://github.com/rust-lang/crates.io-index"
checksum = "63e71662fa4b2a2c3a26f570f037eb95bb1f85397f3cd8076caed2f026a6d100"
dependencies = [
 "pin-project-lite",
 "tracing-attributes",
 "tracing-core",
]

[[package]]
name = "tracing-attributes"
version = "0.1.31"
source = "registry+https://github.com/rust-lang/crates.io-index"
checksum = "7490cfa5ec963746568740651ac6781f701c9c5ea257c58e057f3ba8cf69e8da"
dependencies = [
 "proc-macro2",
 "quote",
 "syn 2.0.119",
]

[[package]]
name = "tracing-core"
version = "0.1.36"
source = "registry+https://github.com/rust-lang/crates.io-index"
checksum = "db97caf9d906fbde555dd62fa95ddba9eecfd14cb388e4f491a66d74cd5fb79a"
dependencies = [
 "once_cell",
]

[[package]]
name = "typenum"
version = "1.20.1"
source = "registry+https://github.com/rust-lang/crates.io-index"
checksum = "b6f5e870be6c3b371b77fe0ee0bafb859fa4964b4404c27de1d380043c4dda20"

[[package]]
name = "unicase"
version = "2.9.0"
source = "registry+https://github.com/rust-lang/crates.io-index"
checksum = "dbc4bc3a9f746d862c45cb89d705aa10f187bb96c76001afab07a0d35ce60142"

[[package]]
name = "unicode-bom"
version = "2.0.3"
source = "registry+https://github.com/rust-lang/crates.io-index"
checksum = "7eec5d1121208364f6793f7d2e222bf75a915c19557537745b195b253dd64217"

[[package]]
name = "unicode-ident"
version = "1.0.24"
source = "registry+https://github.com/rust-lang/crates.io-index"
checksum = "e6e4313cd5fcd3dad5cafa179702e2b244f760991f45397d14d4ebf38247da75"

[[package]]
name = "unicode-normalization"
version = "0.1.25"
source = "registry+https://github.com/rust-lang/crates.io-index"
checksum = "5fd4f6878c9cb28d874b009da9e8d183b5abc80117c40bbd187a1fde336be6e8"
dependencies = [
 "tinyvec",
]

[[package]]
name = "unicode-width"
version = "0.2.2"
source = "registry+https://github.com/rust-lang/crates.io-index"
checksum = "b4ac048d71ede7ee76d585517add45da530660ef4390e49b098733c6e897f254"

[[package]]
name = "utf8parse"
version = "0.2.2"
source = "registry+https://github.com/rust-lang/crates.io-index"
checksum = "06abde3611657adf66d383f00b093d7faecc7fa57071cce2578660c9f1010821"

[[package]]
name = "version_check"
version = "0.9.5"
source = "registry+https://github.com/rust-lang/crates.io-index"
checksum = "0b928f33d975fc6ad9f86c8f283853ad26bdd5b10b7f1542aa2fa15e2289105a"

[[package]]
name = "walkdir"
version = "2.5.0"
source = "registry+https://github.com/rust-lang/crates.io-index"
checksum = "29790946404f91d9c5d06f9874efddea1dc06c5efe94541a7d6863108e3a5e4b"
dependencies = [
 "same-file",
 "winapi-util",
]

[[package]]
name = "winapi-util"
version = "0.1.11"
source = "registry+https://github.com/rust-lang/crates.io-index"
checksum = "c2a7b1c03c876122aa43f3020e6c3c3ee5c05081c9a00739faf7503aeba10d22"
dependencies = [
 "windows-sys",
]

[[package]]
name = "windows-link"
version = "0.2.1"
source = "registry+https://github.com/rust-lang/crates.io-index"
checksum = "f0805222e57f7521d6a62e36fa9163bc891acd422f971defe97d64e70d0a4fe5"

[[package]]
name = "windows-sys"
version = "0.61.2"
source = "registry+https://github.com/rust-lang/crates.io-index"
checksum = "ae137229bcbd6cdf0f7b80a31df61766145077ddf49416a728b02cb3921ff3fc"
dependencies = [
 "windows-link",
]

[[package]]
name = "winnow"
version = "0.7.15"
source = "registry+https://github.com/rust-lang/crates.io-index"
checksum = "df79d97927682d2fd8adb29682d1140b343be4ac0f08fd68b7765d9c059d3945"
dependencies = [
 "memchr",
]

[[package]]
name = "winnow"
version = "1.0.4"
source = "registry+https://github.com/rust-lang/crates.io-index"
checksum = "23b97319f7b8343df12cc98938e5c3eb436064524c8d2b4e30a1d3a36eecdf81"

[[package]]
name = "yansi"
version = "1.0.1"
source = "registry+https://github.com/rust-lang/crates.io-index"
checksum = "cfe53a6657fd280eaa890a3bc59152892ffa3e30101319d168b781ed6529b049"

[[package]]
name = "zlib-rs"
version = "0.6.7"
source = "registry+https://github.com/rust-lang/crates.io-index"
checksum = "34b31d188d9d685a4f9c7b46d6e36631b07058d2cfe190267adce54dc230bf12"

[[package]]
name = "zmij"
version = "1.0.23"
source = "registry+https://github.com/rust-lang/crates.io-index"
checksum = "29666d0abbfad1e3dc4dcf6144730dd3a3ab225bbbdac83319345b1b44ccfc1b"
